<?xml version="1.0" encoding="utf-8"?>
<Project ToolsVersion="4.0" xmlns="http://schemas.microsoft.com/developer/msbuild/2003">
  <ItemGroup>
    <Filter Include="x86">
      <UniqueIdentifier>{737f6d3f-73cc-4b9c-b027-3f5cfb68ddce}</UniqueIdentifier>
    </Filter>
    <Filter Include="x64">
      <UniqueIdentifier>{91d98f5d-4d23-4cdc-8963-07ffd7cf951f}</UniqueIdentifier>
    </Filter>
  </ItemGroup>
  <ItemGroup>
    <ClCompile Include="$(MSBuildThisFileDirectory)Source_x86\DarkSkinResource.cpp">
      <Filter>x86</Filter>
    </ClCompile>
    <ClCompile Include="$(MSBuildThisFileDirectory)Source_x86\DarkSkin.cpp">
      <Filter>x86</Filter>
    </ClCompile>
    <ClCompile Include="$(MSBuildThisFileDirectory)Source_x86\DarkSkinReflection.cpp">
      <Filter>x86</Filter>
    </ClCompile>
    <ClCompile Include="$(MSBuildThisFileDirectory)Source_x64\DarkSkinResource.cpp">
      <Filter>x64</Filter>
    </ClCompile>
    <ClCompile Include="$(MSBuildThisFileDirectory)Source_x64\DarkSkin.cpp">
      <Filter>x64</Filter>
    </ClCompile>
    <ClCompile Include="$(MSBuildThisFileDirectory)Source_x64\DarkSkinReflection.cpp">
      <Filter>x64</Filter>
    </ClCompile>
  </ItemGroup>
  <ItemGroup>
    <ClInclude Include="$(MSBuildThisFileDirectory)Source_x86\DarkSkin.h">
      <Filter>x86</Filter>
    </ClInclude>
    <ClInclude Include="$(MSBuildThisFileDirectory)Source_x86\DarkSkinIncludes.h">
      <Filter>x86</Filter>
    </ClInclude>
    <ClInclude Include="$(MSBuildThisFileDirectory)Source_x86\DarkSkinReflection.h">
      <Filter>x86</Filter>
    </ClInclude>
    <ClInclude Include="$(MSBuildThisFileDirectory)Source_x64\DarkSkin.h">
      <Filter>x64</Filter>
    </ClInclude>
    <ClInclude Include="$(MSBuildThisFileDirectory)Source_x64\DarkSkinIncludes.h">
      <Filter>x64</Filter>
    </ClInclude>
    <ClInclude Include="$(MSBuildThisFileDirectory)Source_x64\DarkSkinReflection.h">
      <Filter>x64</Filter>
    </ClInclude>
  </ItemGroup>
</Project>