<?xml version="1.0" encoding="utf-8"?>
<Project ToolsVersion="4.0" xmlns="http://schemas.microsoft.com/developer/msbuild/2003">
  <ItemGroup>
    <ClCompile Include="..\..\..\Source\RemotingHelpers\AutomationService\AutomationServiceHost.cpp"><Filter>Source Files</Filter></ClCompile>
    <ClCompile Include="..\..\..\Source\RemotingHelpers\AutomationService\MiniHttpAutomationService.cpp"><Filter>Source Files</Filter></ClCompile>
    <ClCompile Include="..\..\..\Source\RemotingHelpers\AutomationService\Windows\WindowsAutomationService.Windows.cpp"><Filter>Source Files</Filter></ClCompile>
    <ClCompile Include="..\..\..\Source\RemotingHelpers\RemotingClient\RemotingClient.cpp"><Filter>Source Files</Filter></ClCompile>
    <Filter Include="Source Files">
      <UniqueIdentifier>{33CD2217-558C-4CB9-B27B-34B2C022E71B}</UniqueIdentifier>
    </Filter>
    <Filter Include="Header Files">
      <UniqueIdentifier>{6E30BDB5-9431-4C7F-90D3-679B1E91AE21}</UniqueIdentifier>
    </Filter>
    <Filter Include="Resource Files">
      <UniqueIdentifier>{27367F3B-2A19-4675-A769-903F1F114CEE}</UniqueIdentifier>
    </Filter>
  </ItemGroup>
  <ItemGroup>
    <ClCompile Include="GuiMain.cpp">
      <Filter>Source Files</Filter>
    </ClCompile>
    <ClCompile Include="Main.Windows.cpp">
      <Filter>Source Files</Filter>
    </ClCompile>
    <ClCompile Include="Main.Linux.cpp">
      <Filter>Source Files</Filter>
    </ClCompile>
    <ClCompile Include="..\RemotingTest_RvmHost\RemoteViewModelTestRuntime.cpp">
      <Filter>Source Files</Filter>
    </ClCompile>
  </ItemGroup>
  <ItemGroup>
    <ClInclude Include="..\..\..\Source\RemotingHelpers\AutomationService\AutomationServiceHost.h"><Filter>Header Files</Filter></ClInclude>
    <ClInclude Include="..\..\..\Source\RemotingHelpers\AutomationService\MiniHttpAutomationService.h"><Filter>Header Files</Filter></ClInclude>
    <ClInclude Include="..\..\..\Source\RemotingHelpers\AutomationService\Windows\WindowsAutomationService.Windows.h"><Filter>Header Files</Filter></ClInclude>
    <ClInclude Include="..\..\..\Source\RemotingHelpers\RemotingClient\RemotingClient.h"><Filter>Header Files</Filter></ClInclude>
    <ClInclude Include="..\..\..\Source\RemotingHelpers\RemotingServer\RemotingChannelServer.h"><Filter>Header Files</Filter></ClInclude>
    <ClInclude Include="resource.h">
      <Filter>Resource Files</Filter>
    </ClInclude>
    <ClInclude Include="..\RemotingTest_RvmHost\RemoteViewModelTestRuntime.h">
      <Filter>Source Files</Filter>
    </ClInclude>
    <ClInclude Include="..\RemotingTest_RvmHost\RemoteViewModelTestShared.h">
      <Filter>Source Files</Filter>
    </ClInclude>
  </ItemGroup>
  <ItemGroup>
    <Image Include="..\CppTest\New.ico">
      <Filter>Resource Files</Filter>
    </Image>
    <ResourceCompile Include="Resource.rc">
      <Filter>Resource Files</Filter>
    </ResourceCompile>
  </ItemGroup>
</Project>
