<?xml version="1.0" encoding="utf-8"?>
<Project ToolsVersion="4.0" xmlns="http://schemas.microsoft.com/developer/msbuild/2003">
  <ItemGroup>
    <Filter Include="x86">
      <UniqueIdentifier>{17bb8a98-a099-49c6-b84f-ac0bac1c1195}</UniqueIdentifier>
    </Filter>
    <Filter Include="x64">
      <UniqueIdentifier>{0995f85c-8faf-4724-b2b0-bdb9dc1424c6}</UniqueIdentifier>
    </Filter>
  </ItemGroup>
  <ItemGroup>
    <ClInclude Include="$(MSBuildThisFileDirectory)Source_x86\MainWindow.h">
      <Filter>x86</Filter>
    </ClInclude>
    <ClInclude Include="$(MSBuildThisFileDirectory)Source_x86\Demo.h">
      <Filter>x86</Filter>
    </ClInclude>
    <ClInclude Include="$(MSBuildThisFileDirectory)Source_x86\Demo1.h">
      <Filter>x86</Filter>
    </ClInclude>
    <ClInclude Include="$(MSBuildThisFileDirectory)Source_x86\DemoIncludes.h">
      <Filter>x86</Filter>
    </ClInclude>
    <ClInclude Include="$(MSBuildThisFileDirectory)Source_x86\DemoReflection.h">
      <Filter>x86</Filter>
    </ClInclude>
    <ClInclude Include="$(MSBuildThisFileDirectory)Source_x86\DocumentEditorBase.h">
      <Filter>x86</Filter>
    </ClInclude>
    <ClInclude Include="$(MSBuildThisFileDirectory)Source_x64\MainWindow.h">
      <Filter>x64</Filter>
    </ClInclude>
    <ClInclude Include="$(MSBuildThisFileDirectory)Source_x64\Demo.h">
      <Filter>x64</Filter>
    </ClInclude>
    <ClInclude Include="$(MSBuildThisFileDirectory)Source_x64\Demo1.h">
      <Filter>x64</Filter>
    </ClInclude>
    <ClInclude Include="$(MSBuildThisFileDirectory)Source_x64\DemoIncludes.h">
      <Filter>x64</Filter>
    </ClInclude>
    <ClInclude Include="$(MSBuildThisFileDirectory)Source_x64\DemoReflection.h">
      <Filter>x64</Filter>
    </ClInclude>
    <ClInclude Include="$(MSBuildThisFileDirectory)Source_x64\DocumentEditorBase.h">
      <Filter>x64</Filter>
    </ClInclude>
  </ItemGroup>
  <ItemGroup>
    <ClCompile Include="$(MSBuildThisFileDirectory)Source_x86\Demo.cpp">
      <Filter>x86</Filter>
    </ClCompile>
    <ClCompile Include="$(MSBuildThisFileDirectory)Source_x86\DemoReflection.cpp">
      <Filter>x86</Filter>
    </ClCompile>
    <ClCompile Include="$(MSBuildThisFileDirectory)Source_x86\DemoResource.cpp">
      <Filter>x86</Filter>
    </ClCompile>
    <ClCompile Include="$(MSBuildThisFileDirectory)Source_x86\DocumentEditorBase.cpp">
      <Filter>x86</Filter>
    </ClCompile>
    <ClCompile Include="$(MSBuildThisFileDirectory)Source_x86\MainWindow.cpp">
      <Filter>x86</Filter>
    </ClCompile>
    <ClCompile Include="$(MSBuildThisFileDirectory)Source_x64\Demo.cpp">
      <Filter>x64</Filter>
    </ClCompile>
    <ClCompile Include="$(MSBuildThisFileDirectory)Source_x64\DemoReflection.cpp">
      <Filter>x64</Filter>
    </ClCompile>
    <ClCompile Include="$(MSBuildThisFileDirectory)Source_x64\DemoResource.cpp">
      <Filter>x64</Filter>
    </ClCompile>
    <ClCompile Include="$(MSBuildThisFileDirectory)Source_x64\DocumentEditorBase.cpp">
      <Filter>x64</Filter>
    </ClCompile>
    <ClCompile Include="$(MSBuildThisFileDirectory)Source_x64\MainWindow.cpp">
      <Filter>x64</Filter>
    </ClCompile>
  </ItemGroup>
</Project>