<?xml version="1.0" encoding="utf-8"?>
<Project ToolsVersion="4.0" xmlns="http://schemas.microsoft.com/developer/msbuild/2003">
  <ItemGroup>
    <Filter Include="Utilities">
      <UniqueIdentifier>{fa5817d5-d143-4b15-b7ba-0a9602b903a3}</UniqueIdentifier>
    </Filter>
    <Filter Include="Utilities\FakeServices">
      <UniqueIdentifier>{f73f23cf-411f-4a19-a7e3-40a1c948046e}</UniqueIdentifier>
    </Filter>
  </ItemGroup>
  <ItemGroup>
    <ClInclude Include="$(MSBuildThisFileDirectory)..\..\..\Source\Utilities\FakeServices\GuiFakeClipboardService.h">
      <Filter>Utilities\FakeServices</Filter>
    </ClInclude>
    <ClInclude Include="$(MSBuildThisFileDirectory)..\..\..\Source\Utilities\FakeServices\GuiFakeDialogServiceBase.h">
      <Filter>Utilities\FakeServices</Filter>
    </ClInclude>
  </ItemGroup>
  <ItemGroup>
    <ClCompile Include="$(MSBuildThisFileDirectory)..\..\..\Source\Utilities\FakeServices\GuiFakeClipboardService.cpp">
      <Filter>Utilities\FakeServices</Filter>
    </ClCompile>
    <ClCompile Include="$(MSBuildThisFileDirectory)..\..\..\Source\Utilities\FakeServices\GuiFakeDialogServiceBase.cpp">
      <Filter>Utilities\FakeServices</Filter>
    </ClCompile>
    <ClCompile Include="$(MSBuildThisFileDirectory)..\..\..\Source\Utilities\FakeServices\GuiFakeDialogServiceBase_FontDialog.cpp">
      <Filter>Utilities\FakeServices</Filter>
    </ClCompile>
    <ClCompile Include="$(MSBuildThisFileDirectory)..\..\..\Source\Utilities\FakeServices\GuiFakeDialogServiceBase_MessageBox.cpp">
      <Filter>Utilities\FakeServices</Filter>
    </ClCompile>
    <ClCompile Include="$(MSBuildThisFileDirectory)..\..\..\Source\Utilities\FakeServices\GuiFakeDialogServiceBase_ColorDialog.cpp">
      <Filter>Utilities\FakeServices</Filter>
    </ClCompile>
    <ClCompile Include="$(MSBuildThisFileDirectory)..\..\..\Source\Utilities\FakeServices\GuiFakeDialogServiceBase_FileDialog.cpp">
      <Filter>Utilities\FakeServices</Filter>
    </ClCompile>
  </ItemGroup>
</Project>