<?xml version="1.0" encoding="utf-8"?>
<Project ToolsVersion="4.0" xmlns="http://schemas.microsoft.com/developer/msbuild/2003">
  <ItemGroup>
    <Filter Include="Source Files">
      <UniqueIdentifier>{4FC737F1-C7A5-4376-A066-2A32D752A2FF}</UniqueIdentifier>
      <Extensions>cpp;c;cc;cxx;def;odl;idl;hpj;bat;asm;asmx</Extensions>
    </Filter>
    <Filter Include="Header Files">
      <UniqueIdentifier>{93995380-89BD-4b04-88EB-625FBE52EBFB}</UniqueIdentifier>
      <Extensions>h;hh;hpp;hxx;hm;inl;inc;xsd</Extensions>
    </Filter>
    <Filter Include="Resource Files">
      <UniqueIdentifier>{67DA6AB6-F800-4c08-8B7A-83BB121AAD01}</UniqueIdentifier>
      <Extensions>rc;ico;cur;bmp;dlg;rc2;rct;bin;rgs;gif;jpg;jpeg;jpe;resx;tiff;tif;png;wav;mfcribbon-ms</Extensions>
    </Filter>
    <Filter Include="Resource Files\FullControlTest">
      <UniqueIdentifier>{48b9bcd2-72bb-4be9-87e4-09623d8a9fb9}</UniqueIdentifier>
    </Filter>
    <Filter Include="Resource Files\FullControlTest\Images">
      <UniqueIdentifier>{a40decff-8c63-4e20-ab05-7875215f460e}</UniqueIdentifier>
    </Filter>
    <Filter Include="Resource Files\FullControlTest\ToolbarImages">
      <UniqueIdentifier>{95fce359-8933-46d9-91ff-4599b1f26903}</UniqueIdentifier>
    </Filter>
    <Filter Include="Resource Files\DarkSkin">
      <UniqueIdentifier>{d95ee71f-2114-41d5-aa6b-6b684865c2a7}</UniqueIdentifier>
    </Filter>
  </ItemGroup>
  <ItemGroup>
    <Xml Include="Resources\UI1_StyleTemplate.xml">
      <Filter>Resource Files</Filter>
    </Xml>
    <Xml Include="Resources\FullControlTest\Resource.xml">
      <Filter>Resource Files\FullControlTest</Filter>
    </Xml>
    <Xml Include="Resources\FullControlTest\TextListTabPage.xml">
      <Filter>Resource Files\FullControlTest</Filter>
    </Xml>
    <Xml Include="Resources\FullControlTest\ListViewTabPage.xml">
      <Filter>Resource Files\FullControlTest</Filter>
    </Xml>
    <Xml Include="Resources\FullControlTest\TreeViewTabPage.xml">
      <Filter>Resource Files\FullControlTest</Filter>
    </Xml>
    <Xml Include="Resources\FullControlTest\DataGridTabPage.xml">
      <Filter>Resource Files\FullControlTest</Filter>
    </Xml>
    <Xml Include="Resources\FullControlTest\Images\SmallImages.xml">
      <Filter>Resource Files\FullControlTest\Images</Filter>
    </Xml>
    <Xml Include="Resources\FullControlTest\Images\ImageLoader.xml">
      <Filter>Resource Files\FullControlTest\Images</Filter>
    </Xml>
    <Xml Include="Resources\FullControlTest\Images\LargeImages.xml">
      <Filter>Resource Files\FullControlTest\Images</Filter>
    </Xml>
    <Xml Include="Resources\FullControlTest\Images\MiscImages.xml">
      <Filter>Resource Files\FullControlTest\Images</Filter>
    </Xml>
    <Xml Include="Resources\FullControlTest\DataGridComponents.xml">
      <Filter>Resource Files\FullControlTest</Filter>
    </Xml>
    <Xml Include="Resources\FullControlTest\ToolbarImages\Images.xml">
      <Filter>Resource Files\FullControlTest\ToolbarImages</Filter>
    </Xml>
    <Xml Include="Resources\FullControlTest\DocumentComponents.xml">
      <Filter>Resource Files\FullControlTest</Filter>
    </Xml>
    <Xml Include="Resources\FullControlTest\TextBoxTabPage.xml">
      <Filter>Resource Files\FullControlTest</Filter>
    </Xml>
    <Xml Include="Resources\DarkSkin\Resource.xml">
      <Filter>Resource Files\DarkSkin</Filter>
    </Xml>
    <Xml Include="Resources\DarkSkin\DarkSkin.xml">
      <Filter>Resource Files\DarkSkin</Filter>
    </Xml>
    <Xml Include="Resources\FullControlTest\RepeatTabPage.xml">
      <Filter>Resource Files\FullControlTest</Filter>
    </Xml>
    <Xml Include="Resources\FullControlTest\RepeatComponents.xml">
      <Filter>Resource Files\FullControlTest</Filter>
    </Xml>
    <Xml Include="Resources\FullControlTest\ElementTabPage.xml">
      <Filter>Resource Files\FullControlTest</Filter>
    </Xml>
    <Xml Include="Resources\FullControlTest\AnimationTabPage.xml">
      <Filter>Resource Files\FullControlTest</Filter>
    </Xml>
    <Xml Include="Resources\FullControlTest\ResponsiveTabPage.xml">
      <Filter>Resource Files\FullControlTest</Filter>
    </Xml>
    <Xml Include="Resources\FullControlTest\LocalizedStringsTabPage.xml">
      <Filter>Resource Files\FullControlTest</Filter>
    </Xml>
    <Xml Include="Resources\DarkSkin\Index.xml">
      <Filter>Resource Files\DarkSkin</Filter>
    </Xml>
    <Xml Include="Resources\DarkSkin\Style.xml">
      <Filter>Resource Files\DarkSkin</Filter>
    </Xml>
    <Xml Include="Resources\DarkSkin\Template_Button.xml">
      <Filter>Resource Files\DarkSkin</Filter>
    </Xml>
    <Xml Include="Resources\DarkSkin\Template_Document.xml">
      <Filter>Resource Files\DarkSkin</Filter>
    </Xml>
    <Xml Include="Resources\DarkSkin\Template_List.xml">
      <Filter>Resource Files\DarkSkin</Filter>
    </Xml>
    <Xml Include="Resources\DarkSkin\Template_Misc.xml">
      <Filter>Resource Files\DarkSkin</Filter>
    </Xml>
    <Xml Include="Resources\DarkSkin\Template_Scroll.xml">
      <Filter>Resource Files\DarkSkin</Filter>
    </Xml>
    <Xml Include="Resources\DarkSkin\Template_Tab.xml">
      <Filter>Resource Files\DarkSkin</Filter>
    </Xml>
    <Xml Include="Resources\DarkSkin\Template_TextBox.xml">
      <Filter>Resource Files\DarkSkin</Filter>
    </Xml>
    <Xml Include="Resources\DarkSkin\Template_Toolstrip.xml">
      <Filter>Resource Files\DarkSkin</Filter>
    </Xml>
    <Xml Include="Resources\DarkSkin\Template_Window.xml">
      <Filter>Resource Files\DarkSkin</Filter>
    </Xml>
    <Xml Include="Resources\DarkSkin\Template_Ribbon.xml">
      <Filter>Resource Files\DarkSkin</Filter>
    </Xml>
    <Xml Include="Resources\FullControlTest\DocumentEditorRibbon.xml">
      <Filter>Resource Files\FullControlTest</Filter>
    </Xml>
    <Xml Include="Resources\FullControlTest\DocumentEditorToolstrip.xml">
      <Filter>Resource Files\FullControlTest</Filter>
    </Xml>
    <Xml Include="Resources\FullControlTest\DocumentEditorBase.xml">
      <Filter>Resource Files\FullControlTest</Filter>
    </Xml>
    <Xml Include="Resources\FullControlTest\DatePickerTabPage.xml">
      <Filter>Resource Files\FullControlTest</Filter>
    </Xml>
  </ItemGroup>
  <ItemGroup>
    <Image Include="Resources\Gaclib.png">
      <Filter>Resource Files</Filter>
    </Image>
  </ItemGroup>
  <ItemGroup>
    <ClCompile Include="TsfTestWindow.cpp">
      <Filter>Source Files</Filter>
    </ClCompile>
    <ClCompile Include="AutoComplete_Grammar.cpp">
      <Filter>Source Files</Filter>
    </ClCompile>
    <ClCompile Include="Main.cpp">
      <Filter>Source Files</Filter>
    </ClCompile>
    <ClCompile Include="ResourceCompiler.cpp">
      <Filter>Source Files</Filter>
    </ClCompile>
    <ClCompile Include="CompositionDumper.cpp">
      <Filter>Source Files</Filter>
    </ClCompile>
  </ItemGroup>
  <ItemGroup>
    <None Include="Resources\FullControlTest\Images\Build.bat">
      <Filter>Resource Files\FullControlTest\Images</Filter>
    </None>
    <None Include="Resources\FullControlTest\Images\Build_WriteFolder.bat">
      <Filter>Resource Files\FullControlTest\Images</Filter>
    </None>
    <None Include="Resources\FullControlTest\Images\Build_WriteImageLoader.bat">
      <Filter>Resource Files\FullControlTest\Images</Filter>
    </None>
  </ItemGroup>
  <ItemGroup>
    <ClInclude Include="ResourceCompiler.h">
      <Filter>Source Files</Filter>
    </ClInclude>
  </ItemGroup>
</Project>