<?xml version="1.0" encoding="utf-8"?>
<Project ToolsVersion="4.0" xmlns="http://schemas.microsoft.com/developer/msbuild/2003">
  <ItemGroup>
    <Filter Include="Source Files">
      <UniqueIdentifier>{4FC737F1-C7A5-4376-A066-2A32D752A2FF}</UniqueIdentifier>
      <Extensions>cpp;c;cc;cxx;def;odl;idl;hpj;bat;asm;asmx</Extensions>
    </Filter>
    <Filter Include="Header Files">
      <UniqueIdentifier>{93995380-89BD-4b04-88EB-625FBE52EBFB}</UniqueIdentifier>
      <Extensions>h;hh;hpp;hxx;hm;inl;inc;xsd</Extensions>
    </Filter>
    <Filter Include="Resource Files">
      <UniqueIdentifier>{67DA6AB6-F800-4c08-8B7A-83BB121AAD01}</UniqueIdentifier>
      <Extensions>rc;ico;cur;bmp;dlg;rc2;rct;bin;rgs;gif;jpg;jpeg;jpe;resx;tiff;tif;png;wav;mfcribbon-ms</Extensions>
    </Filter>
    <Filter Include="Icon">
      <UniqueIdentifier>{28e7b089-2565-44e9-92d6-66c0f71f2992}</UniqueIdentifier>
    </Filter>
  </ItemGroup>
  <ItemGroup>
    <ClCompile Include="Main.cpp">
      <Filter>Source Files</Filter>
    </ClCompile>
    <ClCompile Include="Source\DarkSkinReflection.cpp">
      <Filter>Resource Files</Filter>
    </ClCompile>
    <ClCompile Include="Source\DarkSkinResource.cpp">
      <Filter>Resource Files</Filter>
    </ClCompile>
    <ClCompile Include="Source\Demo.cpp">
      <Filter>Resource Files</Filter>
    </ClCompile>
    <ClCompile Include="Source\DemoReflection.cpp">
      <Filter>Resource Files</Filter>
    </ClCompile>
    <ClCompile Include="Source\DemoResource.cpp">
      <Filter>Resource Files</Filter>
    </ClCompile>
    <ClCompile Include="Source\MainWindow.cpp">
      <Filter>Resource Files</Filter>
    </ClCompile>
    <ClCompile Include="Source\DarkSkin.cpp">
      <Filter>Resource Files</Filter>
    </ClCompile>
    <ClCompile Include="Source\DocumentEditorBase.cpp">
      <Filter>Resource Files</Filter>
    </ClCompile>
  </ItemGroup>
  <ItemGroup>
    <ClInclude Include="Helpers.h">
      <Filter>Source Files</Filter>
    </ClInclude>
    <ClInclude Include="Source\DarkSkinIncludes.h">
      <Filter>Resource Files</Filter>
    </ClInclude>
    <ClInclude Include="Source\DarkSkinReflection.h">
      <Filter>Resource Files</Filter>
    </ClInclude>
    <ClInclude Include="Source\Demo.h">
      <Filter>Resource Files</Filter>
    </ClInclude>
    <ClInclude Include="Source\DemoIncludes.h">
      <Filter>Resource Files</Filter>
    </ClInclude>
    <ClInclude Include="Source\DemoReflection.h">
      <Filter>Resource Files</Filter>
    </ClInclude>
    <ClInclude Include="Source\MainWindow.h">
      <Filter>Resource Files</Filter>
    </ClInclude>
    <ClInclude Include="Source\DarkSkin.h">
      <Filter>Resource Files</Filter>
    </ClInclude>
    <ClInclude Include="Source\DocumentEditorBase.h">
      <Filter>Resource Files</Filter>
    </ClInclude>
    <ClInclude Include="Source\Demo1.h">
      <Filter>Resource Files</Filter>
    </ClInclude>
    <ClInclude Include="resource.h">
      <Filter>Icon</Filter>
    </ClInclude>
  </ItemGroup>
  <ItemGroup>
    <ResourceCompile Include="Resource.rc">
      <Filter>Icon</Filter>
    </ResourceCompile>
  </ItemGroup>
  <ItemGroup>
    <Image Include="New.ico">
      <Filter>Resource Files</Filter>
    </Image>
    <Image Include="icon2.ico">
      <Filter>Resource Files</Filter>
    </Image>
  </ItemGroup>
</Project>