
Microsoft Visual Studio Solution File, Format Version 12.00
# Visual Studio Version 17
VisualStudioVersion = 17.4.33205.214
MinimumVisualStudioVersion = 10.0.40219.1
Project("{8BC9CEB8-8B4A-11D0-8D11-00A0C91BC942}") = "UnitTest", "UnitTest\UnitTest.vcxproj", "{456FDC57-9687-4607-86A6-D43B7E72E740}"
EndProject
Project("{2150E333-8FDC-42A3-9474-1A3956D46DE8}") = "Solution Items", "Solution Items", "{C4E9AA4D-5004-4B31-9352-0CDD81DCBF0B}"
	ProjectSection(SolutionItems) = preProject
		README.md = README.md
	EndProjectSection
EndProject
Project("{2150E333-8FDC-42A3-9474-1A3956D46DE8}") = "Source Files", "Source Files", "{1A152782-BECB-4D33-AD39-F54D3B234262}"
EndProject
Project("{8BC9CEB8-8B4A-11D0-8D11-00A0C91BC942}") = "Source_GacUI", "Source_GacUI\Source_GacUI.vcxitems", "{CF702B13-73B3-47F2-8AFC-89D1C25B007E}"
EndProject
Project("{8BC9CEB8-8B4A-11D0-8D11-00A0C91BC942}") = "Source_GacUI_Windows", "Source_GacUI_Windows\Source_GacUI_Windows.vcxitems", "{4A3FAA16-FD8E-4DE4-804A-95F0F45CBD82}"
EndProject
Project("{8BC9CEB8-8B4A-11D0-8D11-00A0C91BC942}") = "Source_GacUI_Reflection", "Source_GacUI_Reflection\Source_GacUI_Reflection.vcxitems", "{A2A0D66D-5528-4A86-B0FF-8ACC908E7DE4}"
EndProject
Project("{8BC9CEB8-8B4A-11D0-8D11-00A0C91BC942}") = "Source_GacUI_Compiler", "Source_GacUI_Compiler\Source_GacUI_Compiler.vcxitems", "{16240420-5988-4669-AFEE-FFA3665DE80F}"
EndProject
Project("{8BC9CEB8-8B4A-11D0-8D11-00A0C91BC942}") = "Source_Import", "Source_Import\Source_Import.vcxitems", "{6C3C0B7C-2F16-43DF-A18A-4CAB7A0CD715}"
EndProject
Project("{2150E333-8FDC-42A3-9474-1A3956D46DE8}") = "Metadata", "Metadata", "{C91D9551-E755-4835-B3AF-18E77ED0FA61}"
EndProject
Project("{8BC9CEB8-8B4A-11D0-8D11-00A0C91BC942}") = "Metadata_Generate", "Metadata_Generate\Metadata_Generate.vcxproj", "{400867B1-1935-41D1-B06F-F832EADF1330}"
EndProject
Project("{8BC9CEB8-8B4A-11D0-8D11-00A0C91BC942}") = "Metadata_Test", "Metadata_Test\Metadata_Test.vcxproj", "{C3349B3B-054E-4268-9FF8-796E72DC6214}"
EndProject
Project("{2150E333-8FDC-42A3-9474-1A3956D46DE8}") = "Lib", "Lib", "{4B73F320-97D0-4B36-B55B-3A0EEA54B309}"
EndProject
Project("{8BC9CEB8-8B4A-11D0-8D11-00A0C91BC942}") = "Lib_GacUI", "Lib_GacUI\Lib_GacUI.vcxproj", "{31B9787F-5739-4812-84CF-4C542BBDF7FB}"
EndProject
Project("{8BC9CEB8-8B4A-11D0-8D11-00A0C91BC942}") = "Lib_GacUI_Metaonly", "Lib_GacUI_Metaonly\Lib_GacUI_Metaonly.vcxproj", "{BF177697-A8B5-4580-87E7-DE77C0A29C9F}"
EndProject
Project("{8BC9CEB8-8B4A-11D0-8D11-00A0C91BC942}") = "Lib_GacUI_Reflection", "Lib_GacUI_Reflection\Lib_GacUI_Reflection.vcxproj", "{543B32D9-E229-472A-9D11-9BF12C7982BD}"
EndProject
Project("{8BC9CEB8-8B4A-11D0-8D11-00A0C91BC942}") = "GacUI_Compiler", "GacUI_Compiler\GacUI_Compiler.vcxproj", "{31214CFD-F243-439C-BAF7-25A7E718264B}"
EndProject
Project("{8BC9CEB8-8B4A-11D0-8D11-00A0C91BC942}") = "Generated_DarkSkin", "Generated_DarkSkin\Generated_DarkSkin.vcxitems", "{27391973-5F0E-41F1-8B01-5164B5F94DBF}"
EndProject
Project("{8BC9CEB8-8B4A-11D0-8D11-00A0C91BC942}") = "Generated_FullControlTest", "Generated_FullControlTest\Generated_FullControlTest.vcxitems", "{8EAE77C4-0DB8-4E7D-9A5E-5CAF495D263B}"
EndProject
Project("{8BC9CEB8-8B4A-11D0-8D11-00A0C91BC942}") = "CppTest", "CppTest\CppTest.vcxproj", "{8F628494-942F-40D4-84B0-306FCBC2C43C}"
EndProject
Project("{8BC9CEB8-8B4A-11D0-8D11-00A0C91BC942}") = "CppTest_Metaonly", "CppTest_Metaonly\CppTest_Metaonly.vcxproj", "{1F147133-FC29-4AC4-818F-A5C48A7C4173}"
EndProject
Project("{8BC9CEB8-8B4A-11D0-8D11-00A0C91BC942}") = "CppTest_Reflection", "CppTest_Reflection\CppTest_Reflection.vcxproj", "{83BF486E-C4AC-4EEB-80E7-E9F63A3BD4CB}"
EndProject
Project("{8BC9CEB8-8B4A-11D0-8D11-00A0C91BC942}") = "Source_Import_Reflection", "Source_Import_Reflection\Source_Import_Reflection.vcxitems", "{FDDECD88-D29D-4A25-A4F3-1AA4273264CD}"
EndProject
Project("{8BC9CEB8-8B4A-11D0-8D11-00A0C91BC942}") = "GacUI_Host", "GacUI_Host\GacUI_Host.vcxproj", "{9C7D4071-6A78-48BF-906F-6D131FE07A4D}"
EndProject
Project("{8BC9CEB8-8B4A-11D0-8D11-00A0C91BC942}") = "Playground", "Playground\Playground.vcxproj", "{41F61EA9-E8B4-47C4-9946-36DCA7E8272A}"
EndProject
Project("{8BC9CEB8-8B4A-11D0-8D11-00A0C91BC942}") = "Source_GacUI_Core", "Source_GacUI_Core\Source_GacUI_Core.vcxitems", "{5395CEA2-F2A6-4DFA-A8C3-070E8F3B5A43}"
EndProject
Project("{8BC9CEB8-8B4A-11D0-8D11-00A0C91BC942}") = "Source_GacUI_CoreApplication", "Source_GacUI_CoreApplication\Source_GacUI_CoreApplication.vcxitems", "{E2F1D033-808D-4D82-8FBC-EBCE0F1CC11C}"
EndProject
Project("{2150E333-8FDC-42A3-9474-1A3956D46DE8}") = "GacUI_Compiler_DependendTests", "GacUI_Compiler_DependendTests", "{F5C3C996-E0C1-41AB-BAB4-22D1AC513EA4}"
EndProject
Project("{8BC9CEB8-8B4A-11D0-8D11-00A0C91BC942}") = "Source_GacUI_Utilities", "Source_GacUI_Utilities\Source_GacUI_Utilities.vcxitems", "{3E7E3E0E-E051-486B-A093-4D0443EAEBCD}"
EndProject
Project("{8BC9CEB8-8B4A-11D0-8D11-00A0C91BC942}") = "Source_GacUI_Utilities_Controls", "Source_GacUI_Utilities_Controls\Source_GacUI_Utilities_Controls.vcxitems", "{39F6DD5B-DF85-49DC-82DC-D173ACD0F7BF}"
EndProject
Project("{8BC9CEB8-8B4A-11D0-8D11-00A0C91BC942}") = "Source_GacUI_Utilities_Reflection", "Source_GacUI_Utilities_Reflection\Source_GacUI_Utilities_Reflection.vcxitems", "{D56C7DF2-C673-4CBE-99EC-26F3D91790AF}"
EndProject
Project("{8BC9CEB8-8B4A-11D0-8D11-00A0C91BC942}") = "Source_GacUI_ProtocolCompiler", "Source_GacUI_ProtocolCompiler\Source_GacUI_ProtocolCompiler.vcxitems", "{7B88DDAF-109D-4C56-9EAE-F09BBE0AF9BF}"
EndProject
Project("{8BC9CEB8-8B4A-11D0-8D11-00A0C91BC942}") = "Metadata_UpdateProtocol", "Metadata_UpdateProtocol\Metadata_UpdateProtocol.vcxproj", "{75EAD373-2BAE-4F55-9CD7-CF7AE0F8F140}"
EndProject
Project("{8BC9CEB8-8B4A-11D0-8D11-00A0C91BC942}") = "Source_GacUI_UnitTest", "Source_GacUI_UnitTest\Source_GacUI_UnitTest.vcxitems", "{FE61144F-BA4F-434A-ABC3-2BB31039EC7F}"
EndProject
Project("{8BC9CEB8-8B4A-11D0-8D11-00A0C91BC942}") = "Source_GacUI_UnitTest_Controls", "Source_GacUI_UnitTest_Controls\Source_GacUI_UnitTest_Controls.vcxitems", "{AAA74C8D-87AA-4A24-85AF-25C0A2BF8AFB}"
EndProject
Project("{8BC9CEB8-8B4A-11D0-8D11-00A0C91BC942}") = "Source_GacUI_UnitTest_Reflection", "Source_GacUI_UnitTest_Reflection\Source_GacUI_UnitTest_Reflection.vcxitems", "{A360296D-671B-4A05-8F67-4EBC441CECA8}"
EndProject
Project("{8BC9CEB8-8B4A-11D0-8D11-00A0C91BC942}") = "UnitTestViewer", "UnitTestViewer\UnitTestViewer.vcxproj", "{07CE9594-F378-4175-B287-6DEB74F16C1C}"
EndProject
Project("{2150E333-8FDC-42A3-9474-1A3956D46DE8}") = "UnitTest", "UnitTest", "{146C2DB6-91D7-4B80-A771-F42A64FCBF72}"
EndProject
Project("{2150E333-8FDC-42A3-9474-1A3956D46DE8}") = "Utilities", "Utilities", "{F0FB150F-D66A-4548-94FE-8C0CD82FF9F3}"
EndProject
Project("{2150E333-8FDC-42A3-9474-1A3956D46DE8}") = "Compiler", "Compiler", "{A88BF65F-88CD-425B-9BA0-CA78D3540972}"
EndProject
Global
	GlobalSection(SolutionConfigurationPlatforms) = preSolution
		Debug|Win32 = Debug|Win32
		Debug|x64 = Debug|x64
		Release|Win32 = Release|Win32
		Release|x64 = Release|x64
	EndGlobalSection
	GlobalSection(ProjectConfigurationPlatforms) = postSolution
		{456FDC57-9687-4607-86A6-D43B7E72E740}.Debug|Win32.ActiveCfg = Debug|Win32
		{456FDC57-9687-4607-86A6-D43B7E72E740}.Debug|Win32.Build.0 = Debug|Win32
		{456FDC57-9687-4607-86A6-D43B7E72E740}.Debug|x64.ActiveCfg = Debug|x64
		{456FDC57-9687-4607-86A6-D43B7E72E740}.Debug|x64.Build.0 = Debug|x64
		{456FDC57-9687-4607-86A6-D43B7E72E740}.Release|Win32.ActiveCfg = Release|Win32
		{456FDC57-9687-4607-86A6-D43B7E72E740}.Release|Win32.Build.0 = Release|Win32
		{456FDC57-9687-4607-86A6-D43B7E72E740}.Release|x64.ActiveCfg = Release|x64
		{456FDC57-9687-4607-86A6-D43B7E72E740}.Release|x64.Build.0 = Release|x64
		{400867B1-1935-41D1-B06F-F832EADF1330}.Debug|Win32.ActiveCfg = Debug|Win32
		{400867B1-1935-41D1-B06F-F832EADF1330}.Debug|Win32.Build.0 = Debug|Win32
		{400867B1-1935-41D1-B06F-F832EADF1330}.Debug|x64.ActiveCfg = Debug|x64
		{400867B1-1935-41D1-B06F-F832EADF1330}.Debug|x64.Build.0 = Debug|x64
		{400867B1-1935-41D1-B06F-F832EADF1330}.Release|Win32.ActiveCfg = Release|Win32
		{400867B1-1935-41D1-B06F-F832EADF1330}.Release|Win32.Build.0 = Release|Win32
		{400867B1-1935-41D1-B06F-F832EADF1330}.Release|x64.ActiveCfg = Release|x64
		{400867B1-1935-41D1-B06F-F832EADF1330}.Release|x64.Build.0 = Release|x64
		{C3349B3B-054E-4268-9FF8-796E72DC6214}.Debug|Win32.ActiveCfg = Debug|Win32
		{C3349B3B-054E-4268-9FF8-796E72DC6214}.Debug|Win32.Build.0 = Debug|Win32
		{C3349B3B-054E-4268-9FF8-796E72DC6214}.Debug|x64.ActiveCfg = Debug|x64
		{C3349B3B-054E-4268-9FF8-796E72DC6214}.Debug|x64.Build.0 = Debug|x64
		{C3349B3B-054E-4268-9FF8-796E72DC6214}.Release|Win32.ActiveCfg = Release|Win32
		{C3349B3B-054E-4268-9FF8-796E72DC6214}.Release|Win32.Build.0 = Release|Win32
		{C3349B3B-054E-4268-9FF8-796E72DC6214}.Release|x64.ActiveCfg = Release|x64
		{C3349B3B-054E-4268-9FF8-796E72DC6214}.Release|x64.Build.0 = Release|x64
		{31B9787F-5739-4812-84CF-4C542BBDF7FB}.Debug|Win32.ActiveCfg = Debug|Win32
		{31B9787F-5739-4812-84CF-4C542BBDF7FB}.Debug|Win32.Build.0 = Debug|Win32
		{31B9787F-5739-4812-84CF-4C542BBDF7FB}.Debug|x64.ActiveCfg = Debug|x64
		{31B9787F-5739-4812-84CF-4C542BBDF7FB}.Debug|x64.Build.0 = Debug|x64
		{31B9787F-5739-4812-84CF-4C542BBDF7FB}.Release|Win32.ActiveCfg = Release|Win32
		{31B9787F-5739-4812-84CF-4C542BBDF7FB}.Release|Win32.Build.0 = Release|Win32
		{31B9787F-5739-4812-84CF-4C542BBDF7FB}.Release|x64.ActiveCfg = Release|x64
		{31B9787F-5739-4812-84CF-4C542BBDF7FB}.Release|x64.Build.0 = Release|x64
		{BF177697-A8B5-4580-87E7-DE77C0A29C9F}.Debug|Win32.ActiveCfg = Debug|Win32
		{BF177697-A8B5-4580-87E7-DE77C0A29C9F}.Debug|Win32.Build.0 = Debug|Win32
		{BF177697-A8B5-4580-87E7-DE77C0A29C9F}.Debug|x64.ActiveCfg = Debug|x64
		{BF177697-A8B5-4580-87E7-DE77C0A29C9F}.Debug|x64.Build.0 = Debug|x64
		{BF177697-A8B5-4580-87E7-DE77C0A29C9F}.Release|Win32.ActiveCfg = Release|Win32
		{BF177697-A8B5-4580-87E7-DE77C0A29C9F}.Release|Win32.Build.0 = Release|Win32
		{BF177697-A8B5-4580-87E7-DE77C0A29C9F}.Release|x64.ActiveCfg = Release|x64
		{BF177697-A8B5-4580-87E7-DE77C0A29C9F}.Release|x64.Build.0 = Release|x64
		{543B32D9-E229-472A-9D11-9BF12C7982BD}.Debug|Win32.ActiveCfg = Debug|Win32
		{543B32D9-E229-472A-9D11-9BF12C7982BD}.Debug|Win32.Build.0 = Debug|Win32
		{543B32D9-E229-472A-9D11-9BF12C7982BD}.Debug|x64.ActiveCfg = Debug|x64
		{543B32D9-E229-472A-9D11-9BF12C7982BD}.Debug|x64.Build.0 = Debug|x64
		{543B32D9-E229-472A-9D11-9BF12C7982BD}.Release|Win32.ActiveCfg = Release|Win32
		{543B32D9-E229-472A-9D11-9BF12C7982BD}.Release|Win32.Build.0 = Release|Win32
		{543B32D9-E229-472A-9D11-9BF12C7982BD}.Release|x64.ActiveCfg = Release|x64
		{543B32D9-E229-472A-9D11-9BF12C7982BD}.Release|x64.Build.0 = Release|x64
		{31214CFD-F243-439C-BAF7-25A7E718264B}.Debug|Win32.ActiveCfg = Debug|Win32
		{31214CFD-F243-439C-BAF7-25A7E718264B}.Debug|Win32.Build.0 = Debug|Win32
		{31214CFD-F243-439C-BAF7-25A7E718264B}.Debug|x64.ActiveCfg = Debug|x64
		{31214CFD-F243-439C-BAF7-25A7E718264B}.Debug|x64.Build.0 = Debug|x64
		{31214CFD-F243-439C-BAF7-25A7E718264B}.Release|Win32.ActiveCfg = Release|Win32
		{31214CFD-F243-439C-BAF7-25A7E718264B}.Release|Win32.Build.0 = Release|Win32
		{31214CFD-F243-439C-BAF7-25A7E718264B}.Release|x64.ActiveCfg = Release|x64
		{31214CFD-F243-439C-BAF7-25A7E718264B}.Release|x64.Build.0 = Release|x64
		{8F628494-942F-40D4-84B0-306FCBC2C43C}.Debug|Win32.ActiveCfg = Debug|Win32
		{8F628494-942F-40D4-84B0-306FCBC2C43C}.Debug|Win32.Build.0 = Debug|Win32
		{8F628494-942F-40D4-84B0-306FCBC2C43C}.Debug|x64.ActiveCfg = Debug|x64
		{8F628494-942F-40D4-84B0-306FCBC2C43C}.Debug|x64.Build.0 = Debug|x64
		{8F628494-942F-40D4-84B0-306FCBC2C43C}.Release|Win32.ActiveCfg = Release|Win32
		{8F628494-942F-40D4-84B0-306FCBC2C43C}.Release|Win32.Build.0 = Release|Win32
		{8F628494-942F-40D4-84B0-306FCBC2C43C}.Release|x64.ActiveCfg = Release|x64
		{8F628494-942F-40D4-84B0-306FCBC2C43C}.Release|x64.Build.0 = Release|x64
		{1F147133-FC29-4AC4-818F-A5C48A7C4173}.Debug|Win32.ActiveCfg = Debug|Win32
		{1F147133-FC29-4AC4-818F-A5C48A7C4173}.Debug|Win32.Build.0 = Debug|Win32
		{1F147133-FC29-4AC4-818F-A5C48A7C4173}.Debug|x64.ActiveCfg = Debug|x64
		{1F147133-FC29-4AC4-818F-A5C48A7C4173}.Debug|x64.Build.0 = Debug|x64
		{1F147133-FC29-4AC4-818F-A5C48A7C4173}.Release|Win32.ActiveCfg = Release|Win32
		{1F147133-FC29-4AC4-818F-A5C48A7C4173}.Release|Win32.Build.0 = Release|Win32
		{1F147133-FC29-4AC4-818F-A5C48A7C4173}.Release|x64.ActiveCfg = Release|x64
		{1F147133-FC29-4AC4-818F-A5C48A7C4173}.Release|x64.Build.0 = Release|x64
		{83BF486E-C4AC-4EEB-80E7-E9F63A3BD4CB}.Debug|Win32.ActiveCfg = Debug|Win32
		{83BF486E-C4AC-4EEB-80E7-E9F63A3BD4CB}.Debug|Win32.Build.0 = Debug|Win32
		{83BF486E-C4AC-4EEB-80E7-E9F63A3BD4CB}.Debug|x64.ActiveCfg = Debug|x64
		{83BF486E-C4AC-4EEB-80E7-E9F63A3BD4CB}.Debug|x64.Build.0 = Debug|x64
		{83BF486E-C4AC-4EEB-80E7-E9F63A3BD4CB}.Release|Win32.ActiveCfg = Release|Win32
		{83BF486E-C4AC-4EEB-80E7-E9F63A3BD4CB}.Release|Win32.Build.0 = Release|Win32
		{83BF486E-C4AC-4EEB-80E7-E9F63A3BD4CB}.Release|x64.ActiveCfg = Release|x64
		{83BF486E-C4AC-4EEB-80E7-E9F63A3BD4CB}.Release|x64.Build.0 = Release|x64
		{9C7D4071-6A78-48BF-906F-6D131FE07A4D}.Debug|Win32.ActiveCfg = Debug|Win32
		{9C7D4071-6A78-48BF-906F-6D131FE07A4D}.Debug|Win32.Build.0 = Debug|Win32
		{9C7D4071-6A78-48BF-906F-6D131FE07A4D}.Debug|x64.ActiveCfg = Debug|x64
		{9C7D4071-6A78-48BF-906F-6D131FE07A4D}.Debug|x64.Build.0 = Debug|x64
		{9C7D4071-6A78-48BF-906F-6D131FE07A4D}.Release|Win32.ActiveCfg = Release|Win32
		{9C7D4071-6A78-48BF-906F-6D131FE07A4D}.Release|Win32.Build.0 = Release|Win32
		{9C7D4071-6A78-48BF-906F-6D131FE07A4D}.Release|x64.ActiveCfg = Release|x64
		{9C7D4071-6A78-48BF-906F-6D131FE07A4D}.Release|x64.Build.0 = Release|x64
		{41F61EA9-E8B4-47C4-9946-36DCA7E8272A}.Debug|Win32.ActiveCfg = Debug|Win32
		{41F61EA9-E8B4-47C4-9946-36DCA7E8272A}.Debug|Win32.Build.0 = Debug|Win32
		{41F61EA9-E8B4-47C4-9946-36DCA7E8272A}.Debug|x64.ActiveCfg = Debug|x64
		{41F61EA9-E8B4-47C4-9946-36DCA7E8272A}.Debug|x64.Build.0 = Debug|x64
		{41F61EA9-E8B4-47C4-9946-36DCA7E8272A}.Release|Win32.ActiveCfg = Release|Win32
		{41F61EA9-E8B4-47C4-9946-36DCA7E8272A}.Release|Win32.Build.0 = Release|Win32
		{41F61EA9-E8B4-47C4-9946-36DCA7E8272A}.Release|x64.ActiveCfg = Release|x64
		{41F61EA9-E8B4-47C4-9946-36DCA7E8272A}.Release|x64.Build.0 = Release|x64
		{75EAD373-2BAE-4F55-9CD7-CF7AE0F8F140}.Debug|Win32.ActiveCfg = Debug|Win32
		{75EAD373-2BAE-4F55-9CD7-CF7AE0F8F140}.Debug|Win32.Build.0 = Debug|Win32
		{75EAD373-2BAE-4F55-9CD7-CF7AE0F8F140}.Debug|x64.ActiveCfg = Debug|x64
		{75EAD373-2BAE-4F55-9CD7-CF7AE0F8F140}.Debug|x64.Build.0 = Debug|x64
		{75EAD373-2BAE-4F55-9CD7-CF7AE0F8F140}.Release|Win32.ActiveCfg = Release|Win32
		{75EAD373-2BAE-4F55-9CD7-CF7AE0F8F140}.Release|Win32.Build.0 = Release|Win32
		{75EAD373-2BAE-4F55-9CD7-CF7AE0F8F140}.Release|x64.ActiveCfg = Release|x64
		{75EAD373-2BAE-4F55-9CD7-CF7AE0F8F140}.Release|x64.Build.0 = Release|x64
		{07CE9594-F378-4175-B287-6DEB74F16C1C}.Debug|Win32.ActiveCfg = Debug|Win32
		{07CE9594-F378-4175-B287-6DEB74F16C1C}.Debug|Win32.Build.0 = Debug|Win32
		{07CE9594-F378-4175-B287-6DEB74F16C1C}.Debug|x64.ActiveCfg = Debug|x64
		{07CE9594-F378-4175-B287-6DEB74F16C1C}.Debug|x64.Build.0 = Debug|x64
		{07CE9594-F378-4175-B287-6DEB74F16C1C}.Release|Win32.ActiveCfg = Release|Win32
		{07CE9594-F378-4175-B287-6DEB74F16C1C}.Release|Win32.Build.0 = Release|Win32
		{07CE9594-F378-4175-B287-6DEB74F16C1C}.Release|x64.ActiveCfg = Release|x64
		{07CE9594-F378-4175-B287-6DEB74F16C1C}.Release|x64.Build.0 = Release|x64
	EndGlobalSection
	GlobalSection(SolutionProperties) = preSolution
		HideSolutionNode = FALSE
	EndGlobalSection
	GlobalSection(NestedProjects) = preSolution
		{CF702B13-73B3-47F2-8AFC-89D1C25B007E} = {1A152782-BECB-4D33-AD39-F54D3B234262}
		{4A3FAA16-FD8E-4DE4-804A-95F0F45CBD82} = {1A152782-BECB-4D33-AD39-F54D3B234262}
		{A2A0D66D-5528-4A86-B0FF-8ACC908E7DE4} = {A88BF65F-88CD-425B-9BA0-CA78D3540972}
		{16240420-5988-4669-AFEE-FFA3665DE80F} = {A88BF65F-88CD-425B-9BA0-CA78D3540972}
		{6C3C0B7C-2F16-43DF-A18A-4CAB7A0CD715} = {1A152782-BECB-4D33-AD39-F54D3B234262}
		{400867B1-1935-41D1-B06F-F832EADF1330} = {C91D9551-E755-4835-B3AF-18E77ED0FA61}
		{C3349B3B-054E-4268-9FF8-796E72DC6214} = {C91D9551-E755-4835-B3AF-18E77ED0FA61}
		{31B9787F-5739-4812-84CF-4C542BBDF7FB} = {4B73F320-97D0-4B36-B55B-3A0EEA54B309}
		{BF177697-A8B5-4580-87E7-DE77C0A29C9F} = {4B73F320-97D0-4B36-B55B-3A0EEA54B309}
		{543B32D9-E229-472A-9D11-9BF12C7982BD} = {4B73F320-97D0-4B36-B55B-3A0EEA54B309}
		{27391973-5F0E-41F1-8B01-5164B5F94DBF} = {1A152782-BECB-4D33-AD39-F54D3B234262}
		{8EAE77C4-0DB8-4E7D-9A5E-5CAF495D263B} = {1A152782-BECB-4D33-AD39-F54D3B234262}
		{8F628494-942F-40D4-84B0-306FCBC2C43C} = {F5C3C996-E0C1-41AB-BAB4-22D1AC513EA4}
		{1F147133-FC29-4AC4-818F-A5C48A7C4173} = {F5C3C996-E0C1-41AB-BAB4-22D1AC513EA4}
		{83BF486E-C4AC-4EEB-80E7-E9F63A3BD4CB} = {F5C3C996-E0C1-41AB-BAB4-22D1AC513EA4}
		{FDDECD88-D29D-4A25-A4F3-1AA4273264CD} = {1A152782-BECB-4D33-AD39-F54D3B234262}
		{9C7D4071-6A78-48BF-906F-6D131FE07A4D} = {F5C3C996-E0C1-41AB-BAB4-22D1AC513EA4}
		{41F61EA9-E8B4-47C4-9946-36DCA7E8272A} = {F5C3C996-E0C1-41AB-BAB4-22D1AC513EA4}
		{5395CEA2-F2A6-4DFA-A8C3-070E8F3B5A43} = {1A152782-BECB-4D33-AD39-F54D3B234262}
		{E2F1D033-808D-4D82-8FBC-EBCE0F1CC11C} = {1A152782-BECB-4D33-AD39-F54D3B234262}
		{3E7E3E0E-E051-486B-A093-4D0443EAEBCD} = {F0FB150F-D66A-4548-94FE-8C0CD82FF9F3}
		{39F6DD5B-DF85-49DC-82DC-D173ACD0F7BF} = {F0FB150F-D66A-4548-94FE-8C0CD82FF9F3}
		{D56C7DF2-C673-4CBE-99EC-26F3D91790AF} = {F0FB150F-D66A-4548-94FE-8C0CD82FF9F3}
		{7B88DDAF-109D-4C56-9EAE-F09BBE0AF9BF} = {A88BF65F-88CD-425B-9BA0-CA78D3540972}
		{75EAD373-2BAE-4F55-9CD7-CF7AE0F8F140} = {C91D9551-E755-4835-B3AF-18E77ED0FA61}
		{FE61144F-BA4F-434A-ABC3-2BB31039EC7F} = {146C2DB6-91D7-4B80-A771-F42A64FCBF72}
		{AAA74C8D-87AA-4A24-85AF-25C0A2BF8AFB} = {146C2DB6-91D7-4B80-A771-F42A64FCBF72}
		{A360296D-671B-4A05-8F67-4EBC441CECA8} = {146C2DB6-91D7-4B80-A771-F42A64FCBF72}
		{146C2DB6-91D7-4B80-A771-F42A64FCBF72} = {1A152782-BECB-4D33-AD39-F54D3B234262}
		{F0FB150F-D66A-4548-94FE-8C0CD82FF9F3} = {1A152782-BECB-4D33-AD39-F54D3B234262}
		{A88BF65F-88CD-425B-9BA0-CA78D3540972} = {1A152782-BECB-4D33-AD39-F54D3B234262}
	EndGlobalSection
	GlobalSection(ExtensibilityGlobals) = postSolution
		SolutionGuid = {23701A6D-5A6A-4396-9B46-EC3D6DD7B20F}
	EndGlobalSection
	GlobalSection(SharedMSBuildProjectFiles) = preSolution
		Generated_DarkSkin\Generated_DarkSkin.vcxitems*{07ce9594-f378-4175-b287-6deb74f16c1c}*SharedItemsImports = 4
		Source_GacUI_UnitTest_Controls\Source_GacUI_UnitTest_Controls.vcxitems*{07ce9594-f378-4175-b287-6deb74f16c1c}*SharedItemsImports = 4
		Source_GacUI_Utilities_Controls\Source_GacUI_Utilities_Controls.vcxitems*{07ce9594-f378-4175-b287-6deb74f16c1c}*SharedItemsImports = 4
		Source_GacUI_Compiler\Source_GacUI_Compiler.vcxitems*{16240420-5988-4669-afee-ffa3665de80f}*SharedItemsImports = 9
		Generated_DarkSkin\Generated_DarkSkin.vcxitems*{1f147133-fc29-4ac4-818f-a5c48a7c4173}*SharedItemsImports = 4
		Generated_FullControlTest\Generated_FullControlTest.vcxitems*{1f147133-fc29-4ac4-818f-a5c48a7c4173}*SharedItemsImports = 4
		Source_GacUI_Utilities_Controls\Source_GacUI_Utilities_Controls.vcxitems*{1f147133-fc29-4ac4-818f-a5c48a7c4173}*SharedItemsImports = 4
		Source_GacUI_Utilities_Reflection\Source_GacUI_Utilities_Reflection.vcxitems*{1f147133-fc29-4ac4-818f-a5c48a7c4173}*SharedItemsImports = 4
		Generated_DarkSkin\Generated_DarkSkin.vcxitems*{27391973-5f0e-41f1-8b01-5164b5f94dbf}*SharedItemsImports = 9
		Source_GacUI_Compiler\Source_GacUI_Compiler.vcxitems*{31214cfd-f243-439c-baf7-25a7e718264b}*SharedItemsImports = 4
		Source_GacUI\Source_GacUI.vcxitems*{31b9787f-5739-4812-84cf-4c542bbdf7fb}*SharedItemsImports = 4
		Source_GacUI_CoreApplication\Source_GacUI_CoreApplication.vcxitems*{31b9787f-5739-4812-84cf-4c542bbdf7fb}*SharedItemsImports = 4
		Source_GacUI_Core\Source_GacUI_Core.vcxitems*{31b9787f-5739-4812-84cf-4c542bbdf7fb}*SharedItemsImports = 4
		Source_GacUI_Utilities\Source_GacUI_Utilities.vcxitems*{31b9787f-5739-4812-84cf-4c542bbdf7fb}*SharedItemsImports = 4
		Source_GacUI_Windows\Source_GacUI_Windows.vcxitems*{31b9787f-5739-4812-84cf-4c542bbdf7fb}*SharedItemsImports = 4
		Source_Import\Source_Import.vcxitems*{31b9787f-5739-4812-84cf-4c542bbdf7fb}*SharedItemsImports = 4
		Source_GacUI_Utilities_Controls\Source_GacUI_Utilities_Controls.vcxitems*{39f6dd5b-df85-49dc-82dc-d173acd0f7bf}*SharedItemsImports = 9
		Source_GacUI_Utilities\Source_GacUI_Utilities.vcxitems*{3e7e3e0e-e051-486b-a093-4d0443eaebcd}*SharedItemsImports = 9
		Generated_DarkSkin\Generated_DarkSkin.vcxitems*{400867b1-1935-41d1-b06f-f832eadf1330}*SharedItemsImports = 4
		Source_GacUI_UnitTest_Controls\Source_GacUI_UnitTest_Controls.vcxitems*{400867b1-1935-41d1-b06f-f832eadf1330}*SharedItemsImports = 4
		Source_GacUI_UnitTest_Reflection\Source_GacUI_UnitTest_Reflection.vcxitems*{400867b1-1935-41d1-b06f-f832eadf1330}*SharedItemsImports = 4
		Source_GacUI_Utilities_Controls\Source_GacUI_Utilities_Controls.vcxitems*{400867b1-1935-41d1-b06f-f832eadf1330}*SharedItemsImports = 4
		Source_GacUI_Utilities_Reflection\Source_GacUI_Utilities_Reflection.vcxitems*{400867b1-1935-41d1-b06f-f832eadf1330}*SharedItemsImports = 4
		Generated_DarkSkin\Generated_DarkSkin.vcxitems*{41f61ea9-e8b4-47c4-9946-36dca7e8272a}*SharedItemsImports = 4
		Source_GacUI_Compiler\Source_GacUI_Compiler.vcxitems*{41f61ea9-e8b4-47c4-9946-36dca7e8272a}*SharedItemsImports = 4
		Source_GacUI_Utilities_Controls\Source_GacUI_Utilities_Controls.vcxitems*{41f61ea9-e8b4-47c4-9946-36dca7e8272a}*SharedItemsImports = 4
		Source_GacUI_Utilities_Reflection\Source_GacUI_Utilities_Reflection.vcxitems*{41f61ea9-e8b4-47c4-9946-36dca7e8272a}*SharedItemsImports = 4
		Generated_DarkSkin\Generated_DarkSkin.vcxitems*{456fdc57-9687-4607-86a6-d43b7e72e740}*SharedItemsImports = 4
		Source_GacUI_Compiler\Source_GacUI_Compiler.vcxitems*{456fdc57-9687-4607-86a6-d43b7e72e740}*SharedItemsImports = 4
		Source_GacUI_ProtocolCompiler\Source_GacUI_ProtocolCompiler.vcxitems*{456fdc57-9687-4607-86a6-d43b7e72e740}*SharedItemsImports = 4
		Source_GacUI_UnitTest\Source_GacUI_UnitTest.vcxitems*{456fdc57-9687-4607-86a6-d43b7e72e740}*SharedItemsImports = 4
		Source_GacUI_Utilities_Controls\Source_GacUI_Utilities_Controls.vcxitems*{456fdc57-9687-4607-86a6-d43b7e72e740}*SharedItemsImports = 4
		Source_GacUI_Utilities_Reflection\Source_GacUI_Utilities_Reflection.vcxitems*{456fdc57-9687-4607-86a6-d43b7e72e740}*SharedItemsImports = 4
		Source_GacUI_Windows\Source_GacUI_Windows.vcxitems*{4a3faa16-fd8e-4de4-804a-95f0f45cbd82}*SharedItemsImports = 9
		Source_GacUI_Core\Source_GacUI_Core.vcxitems*{5395cea2-f2a6-4dfa-a8c3-070e8f3b5a43}*SharedItemsImports = 9
		Source_GacUI\Source_GacUI.vcxitems*{543b32d9-e229-472a-9d11-9bf12c7982bd}*SharedItemsImports = 4
		Source_GacUI_CoreApplication\Source_GacUI_CoreApplication.vcxitems*{543b32d9-e229-472a-9d11-9bf12c7982bd}*SharedItemsImports = 4
		Source_GacUI_Core\Source_GacUI_Core.vcxitems*{543b32d9-e229-472a-9d11-9bf12c7982bd}*SharedItemsImports = 4
		Source_GacUI_Reflection\Source_GacUI_Reflection.vcxitems*{543b32d9-e229-472a-9d11-9bf12c7982bd}*SharedItemsImports = 4
		Source_GacUI_Utilities\Source_GacUI_Utilities.vcxitems*{543b32d9-e229-472a-9d11-9bf12c7982bd}*SharedItemsImports = 4
		Source_GacUI_Windows\Source_GacUI_Windows.vcxitems*{543b32d9-e229-472a-9d11-9bf12c7982bd}*SharedItemsImports = 4
		Source_Import\Source_Import.vcxitems*{543b32d9-e229-472a-9d11-9bf12c7982bd}*SharedItemsImports = 4
		Source_Import_Reflection\Source_Import_Reflection.vcxitems*{543b32d9-e229-472a-9d11-9bf12c7982bd}*SharedItemsImports = 4
		Source_Import\Source_Import.vcxitems*{6c3c0b7c-2f16-43df-a18a-4cab7a0cd715}*SharedItemsImports = 9
		Source_GacUI_ProtocolCompiler\Source_GacUI_ProtocolCompiler.vcxitems*{75ead373-2bae-4f55-9cd7-cf7ae0f8f140}*SharedItemsImports = 4
		Source_Import\Source_Import.vcxitems*{75ead373-2bae-4f55-9cd7-cf7ae0f8f140}*SharedItemsImports = 4
		Source_GacUI_ProtocolCompiler\Source_GacUI_ProtocolCompiler.vcxitems*{7b88ddaf-109d-4c56-9eae-f09bbe0af9bf}*SharedItemsImports = 9
		Generated_DarkSkin\Generated_DarkSkin.vcxitems*{83bf486e-c4ac-4eeb-80e7-e9f63a3bd4cb}*SharedItemsImports = 4
		Generated_FullControlTest\Generated_FullControlTest.vcxitems*{83bf486e-c4ac-4eeb-80e7-e9f63a3bd4cb}*SharedItemsImports = 4
		Source_GacUI_Utilities_Controls\Source_GacUI_Utilities_Controls.vcxitems*{83bf486e-c4ac-4eeb-80e7-e9f63a3bd4cb}*SharedItemsImports = 4
		Source_GacUI_Utilities_Reflection\Source_GacUI_Utilities_Reflection.vcxitems*{83bf486e-c4ac-4eeb-80e7-e9f63a3bd4cb}*SharedItemsImports = 4
		Generated_FullControlTest\Generated_FullControlTest.vcxitems*{8eae77c4-0db8-4e7d-9a5e-5caf495d263b}*SharedItemsImports = 9
		Generated_DarkSkin\Generated_DarkSkin.vcxitems*{8f628494-942f-40d4-84b0-306fcbc2c43c}*SharedItemsImports = 4
		Generated_FullControlTest\Generated_FullControlTest.vcxitems*{8f628494-942f-40d4-84b0-306fcbc2c43c}*SharedItemsImports = 4
		Source_GacUI_Utilities_Controls\Source_GacUI_Utilities_Controls.vcxitems*{8f628494-942f-40d4-84b0-306fcbc2c43c}*SharedItemsImports = 4
		Source_GacUI_Compiler\Source_GacUI_Compiler.vcxitems*{9c7d4071-6a78-48bf-906f-6d131fe07a4d}*SharedItemsImports = 4
		Source_GacUI_Utilities_Controls\Source_GacUI_Utilities_Controls.vcxitems*{9c7d4071-6a78-48bf-906f-6d131fe07a4d}*SharedItemsImports = 4
		Source_GacUI_Utilities_Reflection\Source_GacUI_Utilities_Reflection.vcxitems*{9c7d4071-6a78-48bf-906f-6d131fe07a4d}*SharedItemsImports = 4
		Source_GacUI_Reflection\Source_GacUI_Reflection.vcxitems*{a2a0d66d-5528-4a86-b0ff-8acc908e7de4}*SharedItemsImports = 9
		Source_GacUI_UnitTest_Reflection\Source_GacUI_UnitTest_Reflection.vcxitems*{a360296d-671b-4a05-8f67-4ebc441ceca8}*SharedItemsImports = 9
		Source_GacUI_UnitTest_Controls\Source_GacUI_UnitTest_Controls.vcxitems*{aaa74c8d-87aa-4a24-85af-25c0a2bf8afb}*SharedItemsImports = 9
		Source_GacUI\Source_GacUI.vcxitems*{bf177697-a8b5-4580-87e7-de77c0a29c9f}*SharedItemsImports = 4
		Source_GacUI_CoreApplication\Source_GacUI_CoreApplication.vcxitems*{bf177697-a8b5-4580-87e7-de77c0a29c9f}*SharedItemsImports = 4
		Source_GacUI_Core\Source_GacUI_Core.vcxitems*{bf177697-a8b5-4580-87e7-de77c0a29c9f}*SharedItemsImports = 4
		Source_GacUI_Reflection\Source_GacUI_Reflection.vcxitems*{bf177697-a8b5-4580-87e7-de77c0a29c9f}*SharedItemsImports = 4
		Source_GacUI_Utilities\Source_GacUI_Utilities.vcxitems*{bf177697-a8b5-4580-87e7-de77c0a29c9f}*SharedItemsImports = 4
		Source_GacUI_Windows\Source_GacUI_Windows.vcxitems*{bf177697-a8b5-4580-87e7-de77c0a29c9f}*SharedItemsImports = 4
		Source_Import\Source_Import.vcxitems*{bf177697-a8b5-4580-87e7-de77c0a29c9f}*SharedItemsImports = 4
		Source_Import_Reflection\Source_Import_Reflection.vcxitems*{bf177697-a8b5-4580-87e7-de77c0a29c9f}*SharedItemsImports = 4
		Generated_DarkSkin\Generated_DarkSkin.vcxitems*{c3349b3b-054e-4268-9ff8-796e72dc6214}*SharedItemsImports = 4
		Source_GacUI_Utilities_Controls\Source_GacUI_Utilities_Controls.vcxitems*{c3349b3b-054e-4268-9ff8-796e72dc6214}*SharedItemsImports = 4
		Source_GacUI_Utilities_Reflection\Source_GacUI_Utilities_Reflection.vcxitems*{c3349b3b-054e-4268-9ff8-796e72dc6214}*SharedItemsImports = 4
		Source_GacUI\Source_GacUI.vcxitems*{cf702b13-73b3-47f2-8afc-89d1c25b007e}*SharedItemsImports = 9
		Source_GacUI_Utilities_Reflection\Source_GacUI_Utilities_Reflection.vcxitems*{d56c7df2-c673-4cbe-99ec-26f3d91790af}*SharedItemsImports = 9
		Source_GacUI_CoreApplication\Source_GacUI_CoreApplication.vcxitems*{e2f1d033-808d-4d82-8fbc-ebce0f1cc11c}*SharedItemsImports = 9
		Source_Import_Reflection\Source_Import_Reflection.vcxitems*{fddecd88-d29d-4a25-a4f3-1aa4273264cd}*SharedItemsImports = 9
		Source_GacUI_UnitTest\Source_GacUI_UnitTest.vcxitems*{fe61144f-ba4f-434a-abc3-2bb31039ec7f}*SharedItemsImports = 9
	EndGlobalSection
EndGlobal
