<?xml version="1.0" encoding="utf-8"?>
<Project ToolsVersion="4.0" xmlns="http://schemas.microsoft.com/developer/msbuild/2003">
  <ItemGroup>
    <Filter Include="x64">
      <UniqueIdentifier>{07944D0F-57C1-4F1D-AC17-7B143974F1F3}</UniqueIdentifier>
    </Filter>
    <Filter Include="x86">
      <UniqueIdentifier>{0E431205-BC88-4ADB-AF0A-8014CF2D2D7B}</UniqueIdentifier>
    </Filter>
  </ItemGroup>
  <ItemGroup>
    <ClInclude Include="$(MSBuildThisFileDirectory)Source_x86\RemoteViewModelTest.h">
      <Filter>x86</Filter>
    </ClInclude>
    <ClInclude Include="$(MSBuildThisFileDirectory)Source_x86\RemoteViewModelTestIncludes.h">
      <Filter>x86</Filter>
    </ClInclude>
    <ClInclude Include="$(MSBuildThisFileDirectory)Source_x86\RemoteViewModelTestReflection.h">
      <Filter>x86</Filter>
    </ClInclude>
    <ClInclude Include="$(MSBuildThisFileDirectory)Source_x86\RemoteViewModelTestRpc.h">
      <Filter>x86</Filter>
    </ClInclude>
    <ClInclude Include="$(MSBuildThisFileDirectory)Source_x64\RemoteViewModelTest.h">
      <Filter>x64</Filter>
    </ClInclude>
    <ClInclude Include="$(MSBuildThisFileDirectory)Source_x64\RemoteViewModelTestIncludes.h">
      <Filter>x64</Filter>
    </ClInclude>
    <ClInclude Include="$(MSBuildThisFileDirectory)Source_x64\RemoteViewModelTestReflection.h">
      <Filter>x64</Filter>
    </ClInclude>
    <ClInclude Include="$(MSBuildThisFileDirectory)Source_x64\RemoteViewModelTestRpc.h">
      <Filter>x64</Filter>
    </ClInclude>
  </ItemGroup>
  <ItemGroup>
    <ClCompile Include="$(MSBuildThisFileDirectory)Source_x86\RemoteViewModelTest.cpp">
      <Filter>x86</Filter>
    </ClCompile>
    <ClCompile Include="$(MSBuildThisFileDirectory)Source_x86\RemoteViewModelTestReflection.cpp">
      <Filter>x86</Filter>
    </ClCompile>
    <ClCompile Include="$(MSBuildThisFileDirectory)Source_x86\RemoteViewModelTestResource.cpp">
      <Filter>x86</Filter>
    </ClCompile>
    <ClCompile Include="$(MSBuildThisFileDirectory)Source_x86\RemoteViewModelTestRpc.cpp">
      <Filter>x86</Filter>
    </ClCompile>
    <ClCompile Include="$(MSBuildThisFileDirectory)Source_x64\RemoteViewModelTest.cpp">
      <Filter>x64</Filter>
    </ClCompile>
    <ClCompile Include="$(MSBuildThisFileDirectory)Source_x64\RemoteViewModelTestReflection.cpp">
      <Filter>x64</Filter>
    </ClCompile>
    <ClCompile Include="$(MSBuildThisFileDirectory)Source_x64\RemoteViewModelTestResource.cpp">
      <Filter>x64</Filter>
    </ClCompile>
    <ClCompile Include="$(MSBuildThisFileDirectory)Source_x64\RemoteViewModelTestRpc.cpp">
      <Filter>x64</Filter>
    </ClCompile>
  </ItemGroup>
</Project>
