<?xml version="1.0" encoding="utf-8"?>
<Project ToolsVersion="4.0" xmlns="http://schemas.microsoft.com/developer/msbuild/2003">
  <ItemGroup>
    <Filter Include="x64">
      <UniqueIdentifier>{706a1156-8f0a-4088-9429-40ca3e8fbb3f}</UniqueIdentifier>
    </Filter>
    <Filter Include="x86">
      <UniqueIdentifier>{74e7cca6-54d9-4e0e-9203-318dc2c4cf1b}</UniqueIdentifier>
    </Filter>
  </ItemGroup>
  <ItemGroup>
    <ClInclude Include="$(MSBuildThisFileDirectory)Source_x64\MainWindow.h">
      <Filter>x64</Filter>
    </ClInclude>
    <ClInclude Include="$(MSBuildThisFileDirectory)Source_x64\Demo.h">
      <Filter>x64</Filter>
    </ClInclude>
    <ClInclude Include="$(MSBuildThisFileDirectory)Source_x64\DemoIncludes.h">
      <Filter>x64</Filter>
    </ClInclude>
    <ClInclude Include="$(MSBuildThisFileDirectory)Source_x64\DemoReflection.h">
      <Filter>x64</Filter>
    </ClInclude>
    <ClInclude Include="$(MSBuildThisFileDirectory)Source_x86\MainWindow.h">
      <Filter>x86</Filter>
    </ClInclude>
    <ClInclude Include="$(MSBuildThisFileDirectory)Source_x86\Demo.h">
      <Filter>x86</Filter>
    </ClInclude>
    <ClInclude Include="$(MSBuildThisFileDirectory)Source_x86\DemoIncludes.h">
      <Filter>x86</Filter>
    </ClInclude>
    <ClInclude Include="$(MSBuildThisFileDirectory)Source_x86\DemoReflection.h">
      <Filter>x86</Filter>
    </ClInclude>
    <ClInclude Include="$(MSBuildThisFileDirectory)Source_x86\ClickMeTab.h">
      <Filter>x86</Filter>
    </ClInclude>
    <ClInclude Include="$(MSBuildThisFileDirectory)Source_x64\ClickMeTab.h">
      <Filter>x64</Filter>
    </ClInclude>
  </ItemGroup>
  <ItemGroup>
    <ClCompile Include="$(MSBuildThisFileDirectory)Source_x64\Demo.cpp">
      <Filter>x64</Filter>
    </ClCompile>
    <ClCompile Include="$(MSBuildThisFileDirectory)Source_x64\DemoReflection.cpp">
      <Filter>x64</Filter>
    </ClCompile>
    <ClCompile Include="$(MSBuildThisFileDirectory)Source_x64\DemoResource.cpp">
      <Filter>x64</Filter>
    </ClCompile>
    <ClCompile Include="$(MSBuildThisFileDirectory)Source_x64\MainWindow.cpp">
      <Filter>x64</Filter>
    </ClCompile>
    <ClCompile Include="$(MSBuildThisFileDirectory)Source_x86\Demo.cpp">
      <Filter>x86</Filter>
    </ClCompile>
    <ClCompile Include="$(MSBuildThisFileDirectory)Source_x86\DemoReflection.cpp">
      <Filter>x86</Filter>
    </ClCompile>
    <ClCompile Include="$(MSBuildThisFileDirectory)Source_x86\DemoResource.cpp">
      <Filter>x86</Filter>
    </ClCompile>
    <ClCompile Include="$(MSBuildThisFileDirectory)Source_x86\MainWindow.cpp">
      <Filter>x86</Filter>
    </ClCompile>
    <ClCompile Include="$(MSBuildThisFileDirectory)Source_x86\ClickMeTab.cpp">
      <Filter>x86</Filter>
    </ClCompile>
    <ClCompile Include="$(MSBuildThisFileDirectory)Source_x64\ClickMeTab.cpp">
      <Filter>x64</Filter>
    </ClCompile>
  </ItemGroup>
</Project>