<?xml version="1.0" encoding="utf-8"?>
<Project ToolsVersion="4.0" xmlns="http://schemas.microsoft.com/developer/msbuild/2003">
  <ItemGroup>
    <ClCompile Include="$(MSBuildThisFileDirectory)..\..\Rvmt\ViewModel\ViewModelHostClient.cpp">
      <Filter>ViewModel</Filter>
    </ClCompile>
    <ClCompile Include="$(MSBuildThisFileDirectory)..\..\Rvmt\ViewModel\ViewModelHostServer.cpp">
      <Filter>ViewModel</Filter>
    </ClCompile>
    <ClCompile Include="$(MSBuildThisFileDirectory)..\..\Rvmt\ViewModel\ViewModelShared.cpp">
      <Filter>ViewModel</Filter>
    </ClCompile>
  </ItemGroup>
  <ItemGroup>
    <ClInclude Include="$(MSBuildThisFileDirectory)..\..\Rvmt\ViewModel\ViewModelHostClient.h">
      <Filter>ViewModel</Filter>
    </ClInclude>
    <ClInclude Include="$(MSBuildThisFileDirectory)..\..\Rvmt\ViewModel\ViewModelHostServer.h">
      <Filter>ViewModel</Filter>
    </ClInclude>
    <ClInclude Include="$(MSBuildThisFileDirectory)..\..\Rvmt\ViewModel\ViewModelShared.h">
      <Filter>ViewModel</Filter>
    </ClInclude>
  </ItemGroup>
  <ItemGroup>
    <Filter Include="ViewModel">
      <UniqueIdentifier>{968E1406-3C7A-42A9-AC6A-3A63AEC0F82D}</UniqueIdentifier>
    </Filter>
  </ItemGroup>
</Project>
