<?xml version="1.0" encoding="utf-8"?>
<Project ToolsVersion="4.0" xmlns="http://schemas.microsoft.com/developer/msbuild/2003">
  <ItemGroup>
    <Filter Include="Source Files">
      <UniqueIdentifier>{4FC737F1-C7A5-4376-A066-2A32D752A2FF}</UniqueIdentifier>
      <Extensions>cpp;c;cc;cxx;def;odl;idl;hpj;bat;asm;asmx</Extensions>
    </Filter>
    <Filter Include="Header Files">
      <UniqueIdentifier>{93995380-89BD-4b04-88EB-625FBE52EBFB}</UniqueIdentifier>
      <Extensions>h;hh;hpp;hxx;hm;inl;inc;xsd</Extensions>
    </Filter>
    <Filter Include="Resource Files">
      <UniqueIdentifier>{67DA6AB6-F800-4c08-8B7A-83BB121AAD01}</UniqueIdentifier>
      <Extensions>rc;ico;cur;bmp;dlg;rc2;rct;bin;rgs;gif;jpg;jpeg;jpe;resx;tiff;tif;png;wav;mfcribbon-ms</Extensions>
    </Filter>
    <Filter Include="Host">
      <UniqueIdentifier>{ca83dc3f-2240-41a4-9aea-53c66087bd5b}</UniqueIdentifier>
    </Filter>
    <Filter Include="DarkSkin">
      <UniqueIdentifier>{de33df03-fad0-4813-8e07-27390fc07287}</UniqueIdentifier>
    </Filter>
    <Filter Include="Demo">
      <UniqueIdentifier>{85e46810-7bf3-48fd-9137-95c1d430d3e7}</UniqueIdentifier>
    </Filter>
    <Filter Include="Icon">
      <UniqueIdentifier>{6d8267a0-9d4d-4932-9825-da94c39ce610}</UniqueIdentifier>
    </Filter>
  </ItemGroup>
  <ItemGroup>
    <ClCompile Include="Main.cpp">
      <Filter>Source Files</Filter>
    </ClCompile>
    <ClCompile Include="..\Host\ResourceCompiler.cpp">
      <Filter>Host</Filter>
    </ClCompile>
    <ClCompile Include="..\TestCppCodegen\Source\DarkSkinResource.cpp">
      <Filter>DarkSkin</Filter>
    </ClCompile>
    <ClCompile Include="..\TestCppCodegen\Source\DarkSkin.cpp">
      <Filter>DarkSkin</Filter>
    </ClCompile>
    <ClCompile Include="..\TestCppCodegen\Source\DarkSkinReflection.cpp">
      <Filter>DarkSkin</Filter>
    </ClCompile>
    <ClCompile Include="..\Host\CompositionDumper.cpp">
      <Filter>Host</Filter>
    </ClCompile>
    <ClCompile Include="..\TestCppCodegen\Source\Demo.cpp">
      <Filter>Demo</Filter>
    </ClCompile>
    <ClCompile Include="..\TestCppCodegen\Source\DemoReflection.cpp">
      <Filter>Demo</Filter>
    </ClCompile>
    <ClCompile Include="..\TestCppCodegen\Source\DemoResource.cpp">
      <Filter>Demo</Filter>
    </ClCompile>
    <ClCompile Include="..\TestCppCodegen\Source\DocumentEditorBase.cpp">
      <Filter>Demo</Filter>
    </ClCompile>
    <ClCompile Include="..\TestCppCodegen\Source\MainWindow.cpp">
      <Filter>Demo</Filter>
    </ClCompile>
  </ItemGroup>
  <ItemGroup>
    <ClInclude Include="..\Host\ResourceCompiler.h">
      <Filter>Host</Filter>
    </ClInclude>
    <ClInclude Include="..\TestCppCodegen\Source\DarkSkin.h">
      <Filter>DarkSkin</Filter>
    </ClInclude>
    <ClInclude Include="..\TestCppCodegen\Source\DarkSkinIncludes.h">
      <Filter>DarkSkin</Filter>
    </ClInclude>
    <ClInclude Include="..\TestCppCodegen\Source\DarkSkinReflection.h">
      <Filter>DarkSkin</Filter>
    </ClInclude>
    <ClInclude Include="..\TestCppCodegen\Source\Demo.h">
      <Filter>Demo</Filter>
    </ClInclude>
    <ClInclude Include="..\TestCppCodegen\Source\Demo1.h">
      <Filter>Demo</Filter>
    </ClInclude>
    <ClInclude Include="..\TestCppCodegen\Source\DemoIncludes.h">
      <Filter>Demo</Filter>
    </ClInclude>
    <ClInclude Include="..\TestCppCodegen\Source\DemoReflection.h">
      <Filter>Demo</Filter>
    </ClInclude>
    <ClInclude Include="..\TestCppCodegen\Source\DocumentEditorBase.h">
      <Filter>Demo</Filter>
    </ClInclude>
    <ClInclude Include="..\TestCppCodegen\Source\MainWindow.h">
      <Filter>Demo</Filter>
    </ClInclude>
    <ClInclude Include="resource.h">
      <Filter>Icon</Filter>
    </ClInclude>
  </ItemGroup>
  <ItemGroup>
    <Xml Include="Resources\Resource.xml">
      <Filter>Resource Files</Filter>
    </Xml>
  </ItemGroup>
  <ItemGroup>
    <ResourceCompile Include="Resource.rc">
      <Filter>Icon</Filter>
    </ResourceCompile>
  </ItemGroup>
</Project>