# THIS IS AN AUTOGENERATED FILE. DO NOT EDIT THIS FILE DIRECTLY.
# yarn lockfile v1


"@github/copilot-darwin-arm64@0.0.403":
  version "0.0.403"
  resolved "https://registry.yarnpkg.com/@github/copilot-darwin-arm64/-/copilot-darwin-arm64-0.0.403.tgz#e1cbc91f73639c8217fd2cc61498bc311e2af45c"
  integrity sha512-dOw8IleA0d1soHnbr/6wc6vZiYWNTKMgfTe/NET1nCfMzyKDt/0F0I7PT5y+DLujJknTla/ZeEmmBUmliTW4Cg==

"@github/copilot-darwin-x64@0.0.403":
  version "0.0.403"
  resolved "https://registry.yarnpkg.com/@github/copilot-darwin-x64/-/copilot-darwin-x64-0.0.403.tgz#b246b0b91f31e13650d99c59716fd74ab87465f5"
  integrity sha512-aK2jSNWgY8eiZ+TmrvGhssMCPDTKArc0ip6Ul5OaslpytKks8hyXoRbxGD0N9sKioSUSbvKUf+1AqavbDpJO+w==

"@github/copilot-linux-arm64@0.0.403":
  version "0.0.403"
  resolved "https://registry.yarnpkg.com/@github/copilot-linux-arm64/-/copilot-linux-arm64-0.0.403.tgz#5453ec3bd565cc92676b450b2edb66e49f60909d"
  integrity sha512-KhoR2iR70O6vCkzf0h8/K+p82qAgOvMTgAPm9bVEHvbdGFR7Py9qL5v03bMbPxsA45oNaZAkzDhfTAqWhIAZsQ==

"@github/copilot-linux-x64@0.0.403":
  version "0.0.403"
  resolved "https://registry.yarnpkg.com/@github/copilot-linux-x64/-/copilot-linux-x64-0.0.403.tgz#17a7eba380be8553610ee6632d6a81ba229722eb"
  integrity sha512-eoswUc9vo4TB+/9PgFJLVtzI4dPjkpJXdCsAioVuoqPdNxHxlIHFe9HaVcqMRZxUNY1YHEBZozy+IpUEGjgdfQ==

"@github/copilot-sdk@^0.1.4":
  version "0.1.23"
  resolved "https://registry.yarnpkg.com/@github/copilot-sdk/-/copilot-sdk-0.1.23.tgz#120986bf5719880dedf076c0f2a55f855566ff40"
  integrity sha512-0by81bsBQlDKE5VbcegZfUMvPyPm1aXwSGS2rGaMAFxv3ps+dACf1Voruxik7hQTae0ziVFJjuVrlxZoRaXBLw==
  dependencies:
    "@github/copilot" "^0.0.403"
    vscode-jsonrpc "^8.2.1"
    zod "^4.3.6"

"@github/copilot-win32-arm64@0.0.403":
  version "0.0.403"
  resolved "https://registry.yarnpkg.com/@github/copilot-win32-arm64/-/copilot-win32-arm64-0.0.403.tgz#3cdaee25b2454ceb6d8293f06b258c95307b94ae"
  integrity sha512-djWjzCsp2xPNafMyOZ/ivU328/WvWhdroGie/DugiJBTgQL2SP0quWW1fhTlDwE81a3g9CxfJonaRgOpFTJTcg==

"@github/copilot-win32-x64@0.0.403":
  version "0.0.403"
  resolved "https://registry.yarnpkg.com/@github/copilot-win32-x64/-/copilot-win32-x64-0.0.403.tgz#d22bdd50d9b0674d73981a413df881fd8229f5ce"
  integrity sha512-lju8cHy2E6Ux7R7tWyLZeksYC2MVZu9i9ocjiBX/qfG2/pNJs7S5OlkwKJ0BSXSbZEHQYq7iHfEWp201bVfk9A==

"@github/copilot@^0.0.403":
  version "0.0.403"
  resolved "https://registry.yarnpkg.com/@github/copilot/-/copilot-0.0.403.tgz#56e44b5a0640685f0b34507bbb12f47229798940"
  integrity sha512-v5jUdtGJReLmE1rmff/LZf+50nzmYQYAaSRNtVNr9g0j0GkCd/noQExe31i1+PudvWU0ZJjltR0B8pUfDRdA9Q==
  optionalDependencies:
    "@github/copilot-darwin-arm64" "0.0.403"
    "@github/copilot-darwin-x64" "0.0.403"
    "@github/copilot-linux-arm64" "0.0.403"
    "@github/copilot-linux-x64" "0.0.403"
    "@github/copilot-win32-arm64" "0.0.403"
    "@github/copilot-win32-x64" "0.0.403"

"@playwright/test@^1.49.0":
  version "1.58.2"
  resolved "https://registry.yarnpkg.com/@playwright/test/-/test-1.58.2.tgz#b0ad585d2e950d690ef52424967a42f40c6d2cbd"
  integrity sha512-akea+6bHYBBfA9uQqSYmlJXn61cTa+jbO87xVLCWbTqbWadRVmhxlXATaOjOgcBaWU4ePo0wB41KMFv3o35IXA==
  dependencies:
    playwright "1.58.2"

"@types/node@^22.10.5":
  version "22.19.11"
  resolved "https://registry.yarnpkg.com/@types/node/-/node-22.19.11.tgz#7e1feaad24e4e36c52fa5558d5864bb4b272603e"
  integrity sha512-BH7YwL6rA93ReqeQS1c4bsPpcfOmJasG+Fkr6Y59q83f9M1WcBRHR2vM+P9eOisYRcN3ujQoiZY8uk5W+1WL8w==
  dependencies:
    undici-types "~6.21.0"

fsevents@2.3.2:
  version "2.3.2"
  resolved "https://registry.yarnpkg.com/fsevents/-/fsevents-2.3.2.tgz#8a526f78b8fdf4623b709e0b975c52c24c02fd1a"
  integrity sha512-xiqMQR4xAeHTuB9uWm+fFRcIOgKBMiOBP+eXiyT7jsgVCq1bkVygt00oASowB7EdtpOHaaPgKt812P9ab+DDKA==

playwright-core@1.58.2:
  version "1.58.2"
  resolved "https://registry.yarnpkg.com/playwright-core/-/playwright-core-1.58.2.tgz#ac5f5b4b10d29bcf934415f0b8d133b34b0dcb13"
  integrity sha512-yZkEtftgwS8CsfYo7nm0KE8jsvm6i/PTgVtB8DL726wNf6H2IMsDuxCpJj59KDaxCtSnrWan2AeDqM7JBaultg==

playwright@1.58.2:
  version "1.58.2"
  resolved "https://registry.yarnpkg.com/playwright/-/playwright-1.58.2.tgz#afe547164539b0bcfcb79957394a7a3fa8683cfd"
  integrity sha512-vA30H8Nvkq/cPBnNw4Q8TWz1EJyqgpuinBcHET0YVJVFldr8JDNiU9LaWAE1KqSkRYazuaBhTpB5ZzShOezQ6A==
  dependencies:
    playwright-core "1.58.2"
  optionalDependencies:
    fsevents "2.3.2"

typescript@^5.7.3:
  version "5.9.3"
  resolved "https://registry.yarnpkg.com/typescript/-/typescript-5.9.3.tgz#5b4f59e15310ab17a216f5d6cf53ee476ede670f"
  integrity sha512-jl1vZzPDinLr9eUt3J/t7V6FgNEw9QjvBPdysz9KfQDD41fQrC2Y4vKQdiaUpFT4bXlb1RHhLpp8wtm6M5TgSw==

undici-types@~6.21.0:
  version "6.21.0"
  resolved "https://registry.yarnpkg.com/undici-types/-/undici-types-6.21.0.tgz#691d00af3909be93a7faa13be61b3a5b50ef12cb"
  integrity sha512-iwDZqg0QAGrg9Rav5H4n0M64c3mkR59cJ6wQp+7C4nI0gsmExaedaYLNO44eT4AtBBwjbTiGPMlt2Md0T9H9JQ==

vscode-jsonrpc@^8.2.1:
  version "8.2.1"
  resolved "https://registry.yarnpkg.com/vscode-jsonrpc/-/vscode-jsonrpc-8.2.1.tgz#a322cc0f1d97f794ffd9c4cd2a898a0bde097f34"
  integrity sha512-kdjOSJ2lLIn7r1rtrMbbNCHjyMPfRnowdKjBQ+mGq6NAW5QY2bEZC/khaC5OR8svbbjvLEaIXkOq45e2X9BIbQ==

zod@^4.3.6:
  version "4.3.6"
  resolved "https://registry.yarnpkg.com/zod/-/zod-4.3.6.tgz#89c56e0aa7d2b05107d894412227087885ab112a"
  integrity sha512-rftlrkhHZOcjDwkGlnUtZZkvaPHCsDATp4pGpuOOMDaTdDDXF91wuVDJoWoPsKX/3YPQ5fHuF3STjcYyKr+Qhg==
