# THIS IS AN AUTOGENERATED FILE. DO NOT EDIT THIS FILE DIRECTLY.
# yarn lockfile v1


"@github/copilot-darwin-arm64@0.0.420":
  version "0.0.420"
  resolved "https://registry.yarnpkg.com/@github/copilot-darwin-arm64/-/copilot-darwin-arm64-0.0.420.tgz#560ca002fa491c04fdb6f74f84fee87e52575c53"
  integrity sha512-sj8Oxcf3oKDbeUotm2gtq5YU1lwCt3QIzbMZioFD/PMLOeqSX/wrecI+c0DDYXKofFhALb0+DxxnWgbEs0mnkQ==

"@github/copilot-darwin-x64@0.0.420":
  version "0.0.420"
  resolved "https://registry.yarnpkg.com/@github/copilot-darwin-x64/-/copilot-darwin-x64-0.0.420.tgz#1d5cf40ac4e04bbd69fb0a79abf3743897c5f795"
  integrity sha512-2acA93IqXz1uuz3TVUm0Y7BVrBr0MySh1kQa8LqMILhTsG0YHRMm8ybzTp2HA7Mi1tl5CjqMSk163kkS7OzfUA==

"@github/copilot-linux-arm64@0.0.420":
  version "0.0.420"
  resolved "https://registry.yarnpkg.com/@github/copilot-linux-arm64/-/copilot-linux-arm64-0.0.420.tgz#e247517854927a14f5c076bfa99309160afec2d7"
  integrity sha512-h/IvEryTOYm1HzR2GNq8s2aDtN4lvT4MxldfZuS42CtWJDOfVG2jLLsoHWU1T3QV8j1++PmDgE//HX0JLpLMww==

"@github/copilot-linux-x64@0.0.420":
  version "0.0.420"
  resolved "https://registry.yarnpkg.com/@github/copilot-linux-x64/-/copilot-linux-x64-0.0.420.tgz#00d22974499f0fab6354fe4e22f6be59b800ab98"
  integrity sha512-iL2NpZvXIDZ+3lw7sO2fo5T0nKmP5dZbU2gdYcv+SFBm/ONhCxIY5VRX4yN/9VkFaa9ePv5JzCnsl3vZINiDxg==

"@github/copilot-sdk@^0.1.29":
  version "0.1.29"
  resolved "https://registry.yarnpkg.com/@github/copilot-sdk/-/copilot-sdk-0.1.29.tgz#8809df61ab53f100f8390234d9946cdc2acae24b"
  integrity sha512-GdcN6bJTeesr1HP6IrhN2MznIf1B3ufqd3PX+uKbDLXNriOmP65Ai29/hxzTidNLHyOf6rW4NwmFfkMXiKfCBw==
  dependencies:
    "@github/copilot" "^0.0.420"
    vscode-jsonrpc "^8.2.1"
    zod "^4.3.6"

"@github/copilot-win32-arm64@0.0.420":
  version "0.0.420"
  resolved "https://registry.yarnpkg.com/@github/copilot-win32-arm64/-/copilot-win32-arm64-0.0.420.tgz#733c45aced1e42c2877ae44012074abbcce3d55d"
  integrity sha512-Njlc2j9vYSBAL+lC6FIEhQ3C+VxO3xavwKnw0ecVRiNLcGLyPrTdzPfPQOmEjC63gpVCqLabikoDGv8fuLPA2w==

"@github/copilot-win32-x64@0.0.420":
  version "0.0.420"
  resolved "https://registry.yarnpkg.com/@github/copilot-win32-x64/-/copilot-win32-x64-0.0.420.tgz#d45f47f2f08d4bba87760b8afb21af19d1988780"
  integrity sha512-rZlH35oNehAP2DvQbu4vQFVNeCh/1p3rUjafBYaEY0Nkhx7RmdrYBileL5U3PtRPPRsBPaq3Qp+pVIrGoCDLzQ==

"@github/copilot@^0.0.420":
  version "0.0.420"
  resolved "https://registry.yarnpkg.com/@github/copilot/-/copilot-0.0.420.tgz#596349de076566a310836a7e06e6807b87ea6bfe"
  integrity sha512-UpPuSjxUxQ+j02WjZEFffWf0scLb23LvuGHzMFtaSsweR+P/BdbtDUI5ZDIA6T0tVyyt6+X1/vgfsJiRqd6jig==
  optionalDependencies:
    "@github/copilot-darwin-arm64" "0.0.420"
    "@github/copilot-darwin-x64" "0.0.420"
    "@github/copilot-linux-arm64" "0.0.420"
    "@github/copilot-linux-x64" "0.0.420"
    "@github/copilot-win32-arm64" "0.0.420"
    "@github/copilot-win32-x64" "0.0.420"

"@playwright/test@^1.49.0":
  version "1.58.2"
  resolved "https://registry.yarnpkg.com/@playwright/test/-/test-1.58.2.tgz#b0ad585d2e950d690ef52424967a42f40c6d2cbd"
  integrity sha512-akea+6bHYBBfA9uQqSYmlJXn61cTa+jbO87xVLCWbTqbWadRVmhxlXATaOjOgcBaWU4ePo0wB41KMFv3o35IXA==
  dependencies:
    playwright "1.58.2"

"@types/node@^22.10.5":
  version "22.19.11"
  resolved "https://registry.yarnpkg.com/@types/node/-/node-22.19.11.tgz#7e1feaad24e4e36c52fa5558d5864bb4b272603e"
  integrity sha512-BH7YwL6rA93ReqeQS1c4bsPpcfOmJasG+Fkr6Y59q83f9M1WcBRHR2vM+P9eOisYRcN3ujQoiZY8uk5W+1WL8w==
  dependencies:
    undici-types "~6.21.0"

fsevents@2.3.2:
  version "2.3.2"
  resolved "https://registry.yarnpkg.com/fsevents/-/fsevents-2.3.2.tgz#8a526f78b8fdf4623b709e0b975c52c24c02fd1a"
  integrity sha512-xiqMQR4xAeHTuB9uWm+fFRcIOgKBMiOBP+eXiyT7jsgVCq1bkVygt00oASowB7EdtpOHaaPgKt812P9ab+DDKA==

playwright-core@1.58.2:
  version "1.58.2"
  resolved "https://registry.yarnpkg.com/playwright-core/-/playwright-core-1.58.2.tgz#ac5f5b4b10d29bcf934415f0b8d133b34b0dcb13"
  integrity sha512-yZkEtftgwS8CsfYo7nm0KE8jsvm6i/PTgVtB8DL726wNf6H2IMsDuxCpJj59KDaxCtSnrWan2AeDqM7JBaultg==

playwright@1.58.2:
  version "1.58.2"
  resolved "https://registry.yarnpkg.com/playwright/-/playwright-1.58.2.tgz#afe547164539b0bcfcb79957394a7a3fa8683cfd"
  integrity sha512-vA30H8Nvkq/cPBnNw4Q8TWz1EJyqgpuinBcHET0YVJVFldr8JDNiU9LaWAE1KqSkRYazuaBhTpB5ZzShOezQ6A==
  dependencies:
    playwright-core "1.58.2"
  optionalDependencies:
    fsevents "2.3.2"

typescript@^5.7.3:
  version "5.9.3"
  resolved "https://registry.yarnpkg.com/typescript/-/typescript-5.9.3.tgz#5b4f59e15310ab17a216f5d6cf53ee476ede670f"
  integrity sha512-jl1vZzPDinLr9eUt3J/t7V6FgNEw9QjvBPdysz9KfQDD41fQrC2Y4vKQdiaUpFT4bXlb1RHhLpp8wtm6M5TgSw==

undici-types@~6.21.0:
  version "6.21.0"
  resolved "https://registry.yarnpkg.com/undici-types/-/undici-types-6.21.0.tgz#691d00af3909be93a7faa13be61b3a5b50ef12cb"
  integrity sha512-iwDZqg0QAGrg9Rav5H4n0M64c3mkR59cJ6wQp+7C4nI0gsmExaedaYLNO44eT4AtBBwjbTiGPMlt2Md0T9H9JQ==

vscode-jsonrpc@^8.2.1:
  version "8.2.1"
  resolved "https://registry.yarnpkg.com/vscode-jsonrpc/-/vscode-jsonrpc-8.2.1.tgz#a322cc0f1d97f794ffd9c4cd2a898a0bde097f34"
  integrity sha512-kdjOSJ2lLIn7r1rtrMbbNCHjyMPfRnowdKjBQ+mGq6NAW5QY2bEZC/khaC5OR8svbbjvLEaIXkOq45e2X9BIbQ==

zod@^4.3.6:
  version "4.3.6"
  resolved "https://registry.yarnpkg.com/zod/-/zod-4.3.6.tgz#89c56e0aa7d2b05107d894412227087885ab112a"
  integrity sha512-rftlrkhHZOcjDwkGlnUtZZkvaPHCsDATp4pGpuOOMDaTdDDXF91wuVDJoWoPsKX/3YPQ5fHuF3STjcYyKr+Qhg==
