# THIS IS AN AUTOGENERATED FILE. DO NOT EDIT THIS FILE DIRECTLY.
# yarn lockfile v1


"@github/copilot-darwin-arm64@1.0.14":
  version "1.0.14"
  resolved "https://registry.yarnpkg.com/@github/copilot-darwin-arm64/-/copilot-darwin-arm64-1.0.14.tgz#24380c4789c9ead14b41e0050dcbb50d95bcfc74"
  integrity sha512-z6ml4dRdghcE7RIVI8wiyes9QJ4mgkcIP22w0TAPlMp0qWmR4hQDu2LKTdmArfOjt0+0reLHIBd06zx7zuUFVA==

"@github/copilot-darwin-x64@1.0.14":
  version "1.0.14"
  resolved "https://registry.yarnpkg.com/@github/copilot-darwin-x64/-/copilot-darwin-x64-1.0.14.tgz#c5a04f2debb7662ecb526302147154ed067e082f"
  integrity sha512-Sp5KPhiUGa0+LlF/ol7uEbqcmeTClWUAqBJ0vyO5o4Ef+fIguP+090vUYayuQ7nPQmvA/FxvguUiy5ISVlqCKg==

"@github/copilot-linux-arm64@1.0.14":
  version "1.0.14"
  resolved "https://registry.yarnpkg.com/@github/copilot-linux-arm64/-/copilot-linux-arm64-1.0.14.tgz#ba4cceb62de2350391be2ed1bcdd0a17ce2ad1c3"
  integrity sha512-0TpiN0nANHpEi+F8E7b0ArMe5+Yjqdnx+mJAWCwXyYkbgQ5lHFlo/uhTanXH+L+6b45X3XLhiGVv4WCx1Mi56g==

"@github/copilot-linux-x64@1.0.14":
  version "1.0.14"
  resolved "https://registry.yarnpkg.com/@github/copilot-linux-x64/-/copilot-linux-x64-1.0.14.tgz#35555d7e59b95d1a6144cdfc66601dbf785d466a"
  integrity sha512-OWpP9EiDok06yobb71hJs79f5UKkgG/8fP0vHHfjyfMcMdrDxeRWwrT8A40GXVVgk1UX0li73LAAfqzfoE/z8w==

"@github/copilot-sdk@^0.2.0":
  version "0.2.0"
  resolved "https://registry.yarnpkg.com/@github/copilot-sdk/-/copilot-sdk-0.2.0.tgz#d3213d8976d84a8e4f8cd971edcf3d987e03a129"
  integrity sha512-fCEpD9W9xqcaCAJmatyNQ1PkET9P9liK2P4Vk0raDFoMXcvpIdqewa5JQeKtWCBUsN/HCz7ExkkFP8peQuo+DA==
  dependencies:
    "@github/copilot" "^1.0.10"
    vscode-jsonrpc "^8.2.1"
    zod "^4.3.6"

"@github/copilot-win32-arm64@1.0.14":
  version "1.0.14"
  resolved "https://registry.yarnpkg.com/@github/copilot-win32-arm64/-/copilot-win32-arm64-1.0.14.tgz#e5931f982006db2a8d8b96683091ca91c6459ad8"
  integrity sha512-KFZoV80Q4EDxWZo+Wlr+2lsas9wIrSK51PRW1ZImimDFP2OB7/F0dPz5BJWyscrMkg1mIonL1gKGksdGC2ZfwQ==

"@github/copilot-win32-x64@1.0.14":
  version "1.0.14"
  resolved "https://registry.yarnpkg.com/@github/copilot-win32-x64/-/copilot-win32-x64-1.0.14.tgz#ac4502b3f6650f09a7a4d6b98f3cd44f7fab6b76"
  integrity sha512-SstVxnGBZBf0coA1jkT4inFMKPpKXbUxFeQ0Aj/6bEOUndk02xsiM/etUoD53+XFT9zVua/dTvxf0Xl6QvNAFw==

"@github/copilot@^1.0.10":
  version "1.0.14"
  resolved "https://registry.yarnpkg.com/@github/copilot/-/copilot-1.0.14.tgz#65345e10b4c49103e5d220e71c522231e42291ad"
  integrity sha512-VFyMwZKmeMiTFiP/6z+ZBnLVgRWl5cDAt9BWouMz7Zfh5RqQJg4ynD1vWJzKgo08u/oYf9UoF1xqFKnHmedA9A==
  optionalDependencies:
    "@github/copilot-darwin-arm64" "1.0.14"
    "@github/copilot-darwin-x64" "1.0.14"
    "@github/copilot-linux-arm64" "1.0.14"
    "@github/copilot-linux-x64" "1.0.14"
    "@github/copilot-win32-arm64" "1.0.14"
    "@github/copilot-win32-x64" "1.0.14"

"@playwright/test@^1.49.0":
  version "1.58.2"
  resolved "https://registry.yarnpkg.com/@playwright/test/-/test-1.58.2.tgz#b0ad585d2e950d690ef52424967a42f40c6d2cbd"
  integrity sha512-akea+6bHYBBfA9uQqSYmlJXn61cTa+jbO87xVLCWbTqbWadRVmhxlXATaOjOgcBaWU4ePo0wB41KMFv3o35IXA==
  dependencies:
    playwright "1.58.2"

"@types/node@^22.10.5":
  version "22.19.11"
  resolved "https://registry.yarnpkg.com/@types/node/-/node-22.19.11.tgz#7e1feaad24e4e36c52fa5558d5864bb4b272603e"
  integrity sha512-BH7YwL6rA93ReqeQS1c4bsPpcfOmJasG+Fkr6Y59q83f9M1WcBRHR2vM+P9eOisYRcN3ujQoiZY8uk5W+1WL8w==
  dependencies:
    undici-types "~6.21.0"

fsevents@2.3.2:
  version "2.3.2"
  resolved "https://registry.yarnpkg.com/fsevents/-/fsevents-2.3.2.tgz#8a526f78b8fdf4623b709e0b975c52c24c02fd1a"
  integrity sha512-xiqMQR4xAeHTuB9uWm+fFRcIOgKBMiOBP+eXiyT7jsgVCq1bkVygt00oASowB7EdtpOHaaPgKt812P9ab+DDKA==

playwright-core@1.58.2:
  version "1.58.2"
  resolved "https://registry.yarnpkg.com/playwright-core/-/playwright-core-1.58.2.tgz#ac5f5b4b10d29bcf934415f0b8d133b34b0dcb13"
  integrity sha512-yZkEtftgwS8CsfYo7nm0KE8jsvm6i/PTgVtB8DL726wNf6H2IMsDuxCpJj59KDaxCtSnrWan2AeDqM7JBaultg==

playwright@1.58.2:
  version "1.58.2"
  resolved "https://registry.yarnpkg.com/playwright/-/playwright-1.58.2.tgz#afe547164539b0bcfcb79957394a7a3fa8683cfd"
  integrity sha512-vA30H8Nvkq/cPBnNw4Q8TWz1EJyqgpuinBcHET0YVJVFldr8JDNiU9LaWAE1KqSkRYazuaBhTpB5ZzShOezQ6A==
  dependencies:
    playwright-core "1.58.2"
  optionalDependencies:
    fsevents "2.3.2"

typescript@^5.7.3:
  version "5.9.3"
  resolved "https://registry.yarnpkg.com/typescript/-/typescript-5.9.3.tgz#5b4f59e15310ab17a216f5d6cf53ee476ede670f"
  integrity sha512-jl1vZzPDinLr9eUt3J/t7V6FgNEw9QjvBPdysz9KfQDD41fQrC2Y4vKQdiaUpFT4bXlb1RHhLpp8wtm6M5TgSw==

undici-types@~6.21.0:
  version "6.21.0"
  resolved "https://registry.yarnpkg.com/undici-types/-/undici-types-6.21.0.tgz#691d00af3909be93a7faa13be61b3a5b50ef12cb"
  integrity sha512-iwDZqg0QAGrg9Rav5H4n0M64c3mkR59cJ6wQp+7C4nI0gsmExaedaYLNO44eT4AtBBwjbTiGPMlt2Md0T9H9JQ==

vscode-jsonrpc@^8.2.1:
  version "8.2.1"
  resolved "https://registry.yarnpkg.com/vscode-jsonrpc/-/vscode-jsonrpc-8.2.1.tgz#a322cc0f1d97f794ffd9c4cd2a898a0bde097f34"
  integrity sha512-kdjOSJ2lLIn7r1rtrMbbNCHjyMPfRnowdKjBQ+mGq6NAW5QY2bEZC/khaC5OR8svbbjvLEaIXkOq45e2X9BIbQ==

zod@^4.3.6:
  version "4.3.6"
  resolved "https://registry.yarnpkg.com/zod/-/zod-4.3.6.tgz#89c56e0aa7d2b05107d894412227087885ab112a"
  integrity sha512-rftlrkhHZOcjDwkGlnUtZZkvaPHCsDATp4pGpuOOMDaTdDDXF91wuVDJoWoPsKX/3YPQ5fHuF3STjcYyKr+Qhg==
