<?xml version="1.0" encoding="utf-8"?>
<Project ToolsVersion="4.0" xmlns="http://schemas.microsoft.com/developer/msbuild/2003">
  <ItemGroup>
    <ClCompile Include="$(MSBuildThisFileDirectory)..\..\..\Source\UnitTestUtilities\SnapshotViewer\Source\GuiUnitTestSnapshotViewer.cpp">
      <Filter>Source</Filter>
    </ClCompile>
    <ClCompile Include="$(MSBuildThisFileDirectory)..\..\..\Source\UnitTestUtilities\SnapshotViewer\Source\GuiUnitTestSnapshotViewerResource.cpp">
      <Filter>Source</Filter>
    </ClCompile>
    <ClCompile Include="$(MSBuildThisFileDirectory)..\..\..\Source\UnitTestUtilities\SnapshotViewer\ViewModel\GuiUnitTestSnapshotViewerViewModel.cpp">
      <Filter>ViewModel</Filter>
    </ClCompile>
    <ClCompile Include="$(MSBuildThisFileDirectory)..\..\..\Source\UnitTestUtilities\SnapshotViewer\Application\GuiUnitTestSnapshotViewerApp.cpp">
      <Filter>Application</Filter>
    </ClCompile>
  </ItemGroup>
  <ItemGroup>
    <ClInclude Include="$(MSBuildThisFileDirectory)..\..\..\Source\UnitTestUtilities\SnapshotViewer\Source\GuiUnitTestSnapshotViewer.h">
      <Filter>Source</Filter>
    </ClInclude>
    <ClInclude Include="$(MSBuildThisFileDirectory)..\..\..\Source\UnitTestUtilities\SnapshotViewer\Source\GuiUnitTestSnapshotViewerIncludes.h">
      <Filter>Source</Filter>
    </ClInclude>
    <ClInclude Include="$(MSBuildThisFileDirectory)..\..\..\Source\UnitTestUtilities\SnapshotViewer\ViewModel\GuiUnitTestSnapshotViewerViewModel.h">
      <Filter>ViewModel</Filter>
    </ClInclude>
    <ClInclude Include="$(MSBuildThisFileDirectory)..\..\..\Source\UnitTestUtilities\SnapshotViewer\Application\GuiUnitTestSnapshotViewerApp.h">
      <Filter>Application</Filter>
    </ClInclude>
  </ItemGroup>
  <ItemGroup>
    <Filter Include="ViewModel">
      <UniqueIdentifier>{bdf1ec8f-d6f1-438b-946c-d825c495b500}</UniqueIdentifier>
    </Filter>
    <Filter Include="Source">
      <UniqueIdentifier>{3aa66127-7a9a-4875-996e-18f0cc2990b1}</UniqueIdentifier>
    </Filter>
    <Filter Include="Application">
      <UniqueIdentifier>{b5622c4a-12d9-41f1-933b-4dd0321a5fa2}</UniqueIdentifier>
    </Filter>
  </ItemGroup>
</Project>