<?xml version="1.0" encoding="utf-8"?>
<Project ToolsVersion="4.0" xmlns="http://schemas.microsoft.com/developer/msbuild/2003">
  <ItemGroup>
    <Filter Include="Source Files" />
    <Filter Include="Header Files" />
    <Filter Include="Resource Files" />
  </ItemGroup>
  <ItemGroup>
    <ClCompile Include="..\..\..\Import\Vlpp.cpp"><Filter>Source Files</Filter></ClCompile>
    <ClCompile Include="..\..\..\Import\Vlpp.Windows.cpp"><Filter>Source Files</Filter></ClCompile>
    <ClCompile Include="..\..\..\Import\Vlpp.Linux.cpp"><Filter>Source Files</Filter></ClCompile>
    <ClCompile Include="..\..\..\Import\VlppOS.cpp"><Filter>Source Files</Filter></ClCompile>
    <ClCompile Include="..\..\..\Import\VlppOS.Windows.cpp"><Filter>Source Files</Filter></ClCompile>
    <ClCompile Include="..\..\..\Import\VlppOS.Linux.cpp"><Filter>Source Files</Filter></ClCompile>
    <ClCompile Include="..\..\..\Import\VlppRegex.cpp"><Filter>Source Files</Filter></ClCompile>
    <ClCompile Include="..\..\..\Import\VlppReflection.cpp"><Filter>Source Files</Filter></ClCompile>
    <ClCompile Include="..\..\..\Import\VlppGlrParser.cpp"><Filter>Source Files</Filter></ClCompile>
    <ClCompile Include="..\..\..\Import\VlppWorkflowLibrary.cpp"><Filter>Source Files</Filter></ClCompile>
    <ClCompile Include="..\..\..\Release\GacUI.cpp"><Filter>Source Files</Filter></ClCompile>
    <ClCompile Include="..\..\..\Release\GacUI.Windows.cpp"><Filter>Source Files</Filter></ClCompile>
    <ClCompile Include="..\..\..\Release\TuiSkin.cpp"><Filter>Source Files</Filter></ClCompile>
  </ItemGroup>
</Project>
