<?xml version="1.0" encoding="utf-8"?>
<Project ToolsVersion="4.0" xmlns="http://schemas.microsoft.com/developer/msbuild/2003">
  <ItemGroup>
    <Filter Include="Resources">
      <UniqueIdentifier>{0101d690-3104-4623-879d-d89c6a41c479}</UniqueIdentifier>
    </Filter>
    <Filter Include="Resources\DocumentEditor">
      <UniqueIdentifier>{f8162dec-2bfe-413a-a1d9-eed6d2fc7b2a}</UniqueIdentifier>
    </Filter>
    <Filter Include="Resources\DocumentClipboard">
      <UniqueIdentifier>{ff810bd8-62ea-4d11-abd5-126bee1bac10}</UniqueIdentifier>
    </Filter>
    <Filter Include="GraphicsElement">
      <UniqueIdentifier>{e18aabfd-b37e-40d7-a84c-ad01cf7bdeb3}</UniqueIdentifier>
    </Filter>
    <Filter Include="NativeWindow">
      <UniqueIdentifier>{71a8c4f2-90df-457d-931b-4e673ef15366}</UniqueIdentifier>
    </Filter>
    <Filter Include="PlatformProviders">
      <UniqueIdentifier>{0a9ba3bc-6166-4dd0-98b4-a28bc9b9a12e}</UniqueIdentifier>
    </Filter>
    <Filter Include="PlatformProviders\Hosted">
      <UniqueIdentifier>{8194fce2-bfab-4bb1-a966-33ae0a012062}</UniqueIdentifier>
    </Filter>
    <Filter Include="PlatformProviders\GacGen">
      <UniqueIdentifier>{0de502fc-a6e3-4061-a107-80814e08eaca}</UniqueIdentifier>
    </Filter>
    <Filter Include="Utilities">
      <UniqueIdentifier>{3c027ba9-3010-43d5-b011-d663581d1b48}</UniqueIdentifier>
    </Filter>
    <Filter Include="Utilities\SharedServices">
      <UniqueIdentifier>{f290caa9-2684-4617-b82c-2bd460eb4fa5}</UniqueIdentifier>
    </Filter>
    <Filter Include="PlatformProviders\Remote">
      <UniqueIdentifier>{12c45e4c-1575-4ad9-827f-05724cb43d4a}</UniqueIdentifier>
    </Filter>
    <Filter Include="PlatformProviders\Remote\Protocol">
      <UniqueIdentifier>{8cb9f63e-6494-4cb5-9ca1-c3303c46fb75}</UniqueIdentifier>
    </Filter>
    <Filter Include="PlatformProviders\Remote\Protocol\Generated">
      <UniqueIdentifier>{322b7fd1-5263-4c5b-9a05-52843c6e0108}</UniqueIdentifier>
    </Filter>
    <Filter Include="PlatformProviders\Remote\Protocol\Metadata">
      <UniqueIdentifier>{4dac0ff7-cdf1-490c-9a48-243cb8ae6025}</UniqueIdentifier>
    </Filter>
    <Filter Include="PlatformProviders\Remote\ProtocolCombinators">
      <UniqueIdentifier>{e14f29ac-0fb5-49d4-bb16-e9fd57104835}</UniqueIdentifier>
    </Filter>
  </ItemGroup>
  <ItemGroup>
    <ClCompile Include="$(MSBuildThisFileDirectory)..\..\..\Source\Resources\GuiDocument.cpp">
      <Filter>Resources</Filter>
    </ClCompile>
    <ClCompile Include="$(MSBuildThisFileDirectory)..\..\..\Source\Resources\GuiDocument_Edit.cpp">
      <Filter>Resources</Filter>
    </ClCompile>
    <ClCompile Include="$(MSBuildThisFileDirectory)..\..\..\Source\Resources\GuiDocument_Load.cpp">
      <Filter>Resources</Filter>
    </ClCompile>
    <ClCompile Include="$(MSBuildThisFileDirectory)..\..\..\Source\Resources\GuiDocument_Save.cpp">
      <Filter>Resources</Filter>
    </ClCompile>
    <ClCompile Include="$(MSBuildThisFileDirectory)..\..\..\Source\Resources\GuiParserManager.cpp">
      <Filter>Resources</Filter>
    </ClCompile>
    <ClCompile Include="$(MSBuildThisFileDirectory)..\..\..\Source\Resources\GuiResource.cpp">
      <Filter>Resources</Filter>
    </ClCompile>
    <ClCompile Include="$(MSBuildThisFileDirectory)..\..\..\Source\Resources\GuiResourceManager.cpp">
      <Filter>Resources</Filter>
    </ClCompile>
    <ClCompile Include="$(MSBuildThisFileDirectory)..\..\..\Source\Resources\GuiResourceTypeResolvers.cpp">
      <Filter>Resources</Filter>
    </ClCompile>
    <ClCompile Include="$(MSBuildThisFileDirectory)..\..\..\Source\Resources\GuiPluginManager.cpp">
      <Filter>Resources</Filter>
    </ClCompile>
    <ClCompile Include="$(MSBuildThisFileDirectory)..\..\..\Source\Resources\GuiDocumentEditor_AddContainer.cpp">
      <Filter>Resources\DocumentEditor</Filter>
    </ClCompile>
    <ClCompile Include="$(MSBuildThisFileDirectory)..\..\..\Source\Resources\GuiDocumentEditor_ClearUnnecessaryRun.cpp">
      <Filter>Resources\DocumentEditor</Filter>
    </ClCompile>
    <ClCompile Include="$(MSBuildThisFileDirectory)..\..\..\Source\Resources\GuiDocumentEditor_CloneRun.cpp">
      <Filter>Resources\DocumentEditor</Filter>
    </ClCompile>
    <ClCompile Include="$(MSBuildThisFileDirectory)..\..\..\Source\Resources\GuiDocumentEditor_CollectStyle.cpp">
      <Filter>Resources\DocumentEditor</Filter>
    </ClCompile>
    <ClCompile Include="$(MSBuildThisFileDirectory)..\..\..\Source\Resources\GuiDocumentEditor_CutRun.cpp">
      <Filter>Resources\DocumentEditor</Filter>
    </ClCompile>
    <ClCompile Include="$(MSBuildThisFileDirectory)..\..\..\Source\Resources\GuiDocumentEditor_GetRunRange.cpp">
      <Filter>Resources\DocumentEditor</Filter>
    </ClCompile>
    <ClCompile Include="$(MSBuildThisFileDirectory)..\..\..\Source\Resources\GuiDocumentEditor_LocaleHyperlink.cpp">
      <Filter>Resources\DocumentEditor</Filter>
    </ClCompile>
    <ClCompile Include="$(MSBuildThisFileDirectory)..\..\..\Source\Resources\GuiDocumentEditor_LocaleStyle.cpp">
      <Filter>Resources\DocumentEditor</Filter>
    </ClCompile>
    <ClCompile Include="$(MSBuildThisFileDirectory)..\..\..\Source\Resources\GuiDocumentEditor_RemoveContainer.cpp">
      <Filter>Resources\DocumentEditor</Filter>
    </ClCompile>
    <ClCompile Include="$(MSBuildThisFileDirectory)..\..\..\Source\Resources\GuiDocumentEditor_RemoveRun.cpp">
      <Filter>Resources\DocumentEditor</Filter>
    </ClCompile>
    <ClCompile Include="$(MSBuildThisFileDirectory)..\..\..\Source\Resources\GuiDocumentEditor_ReplaceStyleName.cpp">
      <Filter>Resources\DocumentEditor</Filter>
    </ClCompile>
    <ClCompile Include="$(MSBuildThisFileDirectory)..\..\..\Source\Resources\GuiDocumentEditor_SummerizeStyle.cpp">
      <Filter>Resources\DocumentEditor</Filter>
    </ClCompile>
    <ClCompile Include="$(MSBuildThisFileDirectory)..\..\..\Source\Resources\GuiDocumentClipboard_Document.cpp">
      <Filter>Resources\DocumentClipboard</Filter>
    </ClCompile>
    <ClCompile Include="$(MSBuildThisFileDirectory)..\..\..\Source\Resources\GuiDocumentClipboard_HtmlFormat.cpp">
      <Filter>Resources\DocumentClipboard</Filter>
    </ClCompile>
    <ClCompile Include="$(MSBuildThisFileDirectory)..\..\..\Source\Resources\GuiDocumentClipboard_RichTextFormat.cpp">
      <Filter>Resources\DocumentClipboard</Filter>
    </ClCompile>
    <ClCompile Include="$(MSBuildThisFileDirectory)..\..\..\Source\GraphicsElement\GuiGraphicsDocumentElement.cpp">
      <Filter>GraphicsElement</Filter>
    </ClCompile>
    <ClCompile Include="$(MSBuildThisFileDirectory)..\..\..\Source\GraphicsElement\GuiGraphicsElement.cpp">
      <Filter>GraphicsElement</Filter>
    </ClCompile>
    <ClCompile Include="$(MSBuildThisFileDirectory)..\..\..\Source\GraphicsElement\GuiGraphicsResourceManager.cpp">
      <Filter>GraphicsElement</Filter>
    </ClCompile>
    <ClCompile Include="$(MSBuildThisFileDirectory)..\..\..\Source\GraphicsElement\GuiGraphicsTextElement.cpp">
      <Filter>GraphicsElement</Filter>
    </ClCompile>
    <ClCompile Include="$(MSBuildThisFileDirectory)..\..\..\Source\NativeWindow\GuiNativeWindow.cpp">
      <Filter>NativeWindow</Filter>
    </ClCompile>
    <ClCompile Include="$(MSBuildThisFileDirectory)..\..\..\Source\PlatformProviders\Hosted\GuiHostedWindow.cpp">
      <Filter>PlatformProviders\Hosted</Filter>
    </ClCompile>
    <ClCompile Include="$(MSBuildThisFileDirectory)..\..\..\Source\PlatformProviders\Hosted\GuiHostedController.cpp">
      <Filter>PlatformProviders\Hosted</Filter>
    </ClCompile>
    <ClCompile Include="$(MSBuildThisFileDirectory)..\..\..\Source\PlatformProviders\Hosted\GuiHostedGraphics.cpp">
      <Filter>PlatformProviders\Hosted</Filter>
    </ClCompile>
    <ClCompile Include="$(MSBuildThisFileDirectory)..\..\..\Source\PlatformProviders\Hosted\GuiHostedWindowProxy_Placeholder.cpp">
      <Filter>PlatformProviders\Hosted</Filter>
    </ClCompile>
    <ClCompile Include="$(MSBuildThisFileDirectory)..\..\..\Source\PlatformProviders\Hosted\GuiHostedWindowProxy_Main.cpp">
      <Filter>PlatformProviders\Hosted</Filter>
    </ClCompile>
    <ClCompile Include="$(MSBuildThisFileDirectory)..\..\..\Source\PlatformProviders\Hosted\GuiHostedWindowProxy_NonMain.cpp">
      <Filter>PlatformProviders\Hosted</Filter>
    </ClCompile>
    <ClCompile Include="$(MSBuildThisFileDirectory)..\..\..\Source\GraphicsElement\GuiGraphicsElementInterfaces.cpp">
      <Filter>GraphicsElement</Filter>
    </ClCompile>
    <ClCompile Include="$(MSBuildThisFileDirectory)..\..\..\Source\PlatformProviders\GacGen\GacGenController.cpp">
      <Filter>PlatformProviders\GacGen</Filter>
    </ClCompile>
    <ClCompile Include="$(MSBuildThisFileDirectory)..\..\..\Source\Utilities\SharedServices\GuiSharedAsyncService.cpp">
      <Filter>Utilities\SharedServices</Filter>
    </ClCompile>
    <ClCompile Include="$(MSBuildThisFileDirectory)..\..\..\Source\Utilities\SharedServices\GuiSharedCallbackService.cpp">
      <Filter>Utilities\SharedServices</Filter>
    </ClCompile>
    <ClCompile Include="$(MSBuildThisFileDirectory)..\..\..\Source\PlatformProviders\Remote\GuiRemoteController.cpp">
      <Filter>PlatformProviders\Remote</Filter>
    </ClCompile>
    <ClCompile Include="$(MSBuildThisFileDirectory)..\..\..\Source\PlatformProviders\Remote\GuiRemoteControllerSetup.cpp">
      <Filter>PlatformProviders\Remote</Filter>
    </ClCompile>
    <ClCompile Include="$(MSBuildThisFileDirectory)..\..\..\Source\PlatformProviders\Remote\GuiRemoteWindow.cpp">
      <Filter>PlatformProviders\Remote</Filter>
    </ClCompile>
    <ClCompile Include="$(MSBuildThisFileDirectory)..\..\..\Source\PlatformProviders\Remote\GuiRemoteEvents.cpp">
      <Filter>PlatformProviders\Remote</Filter>
    </ClCompile>
    <ClCompile Include="$(MSBuildThisFileDirectory)..\..\..\Source\PlatformProviders\Remote\Protocol\Generated\GuiRemoteProtocolSchema.cpp">
      <Filter>PlatformProviders\Remote\Protocol\Generated</Filter>
    </ClCompile>
    <ClCompile Include="$(MSBuildThisFileDirectory)..\..\..\Source\PlatformProviders\Remote\GuiRemoteProtocolSchemaShared.cpp">
      <Filter>PlatformProviders\Remote</Filter>
    </ClCompile>
    <ClCompile Include="$(MSBuildThisFileDirectory)..\..\..\Source\PlatformProviders\Remote\GuiRemoteGraphics.cpp">
      <Filter>PlatformProviders\Remote</Filter>
    </ClCompile>
    <ClCompile Include="$(MSBuildThisFileDirectory)..\..\..\Source\PlatformProviders\Remote\GuiRemoteGraphics_BasicElements.cpp">
      <Filter>PlatformProviders\Remote</Filter>
    </ClCompile>
    <ClCompile Include="$(MSBuildThisFileDirectory)..\..\..\Source\PlatformProviders\Remote\GuiRemoteGraphics_ImageService.cpp">
      <Filter>PlatformProviders\Remote</Filter>
    </ClCompile>
    <ClCompile Include="$(MSBuildThisFileDirectory)..\..\..\Source\PlatformProviders\Hosted\GuiHostedApplication.cpp">
      <Filter>PlatformProviders\Hosted</Filter>
    </ClCompile>
  </ItemGroup>
  <ItemGroup>
    <ClInclude Include="$(MSBuildThisFileDirectory)..\..\..\Source\Resources\GuiDocument.h">
      <Filter>Resources</Filter>
    </ClInclude>
    <ClInclude Include="$(MSBuildThisFileDirectory)..\..\..\Source\Resources\GuiParserManager.h">
      <Filter>Resources</Filter>
    </ClInclude>
    <ClInclude Include="$(MSBuildThisFileDirectory)..\..\..\Source\Resources\GuiResource.h">
      <Filter>Resources</Filter>
    </ClInclude>
    <ClInclude Include="$(MSBuildThisFileDirectory)..\..\..\Source\Resources\GuiResourceManager.h">
      <Filter>Resources</Filter>
    </ClInclude>
    <ClInclude Include="$(MSBuildThisFileDirectory)..\..\..\Source\Resources\GuiPluginManager.h">
      <Filter>Resources</Filter>
    </ClInclude>
    <ClInclude Include="$(MSBuildThisFileDirectory)..\..\..\Source\Resources\GuiDocumentEditor.h">
      <Filter>Resources\DocumentEditor</Filter>
    </ClInclude>
    <ClInclude Include="$(MSBuildThisFileDirectory)..\..\..\Source\Resources\GuiDocumentClipboard.h">
      <Filter>Resources\DocumentClipboard</Filter>
    </ClInclude>
    <ClInclude Include="$(MSBuildThisFileDirectory)..\..\..\Source\GraphicsElement\GuiGraphicsDocumentElement.h">
      <Filter>GraphicsElement</Filter>
    </ClInclude>
    <ClInclude Include="$(MSBuildThisFileDirectory)..\..\..\Source\GraphicsElement\GuiGraphicsDocumentInterfaces.h">
      <Filter>GraphicsElement</Filter>
    </ClInclude>
    <ClInclude Include="$(MSBuildThisFileDirectory)..\..\..\Source\GraphicsElement\GuiGraphicsElement.h">
      <Filter>GraphicsElement</Filter>
    </ClInclude>
    <ClInclude Include="$(MSBuildThisFileDirectory)..\..\..\Source\GraphicsElement\GuiGraphicsElementInterfaces.h">
      <Filter>GraphicsElement</Filter>
    </ClInclude>
    <ClInclude Include="$(MSBuildThisFileDirectory)..\..\..\Source\GraphicsElement\GuiGraphicsResourceManager.h">
      <Filter>GraphicsElement</Filter>
    </ClInclude>
    <ClInclude Include="$(MSBuildThisFileDirectory)..\..\..\Source\GraphicsElement\GuiGraphicsTextElement.h">
      <Filter>GraphicsElement</Filter>
    </ClInclude>
    <ClInclude Include="$(MSBuildThisFileDirectory)..\..\..\Source\NativeWindow\GuiNativeWindow.h">
      <Filter>NativeWindow</Filter>
    </ClInclude>
    <ClInclude Include="$(MSBuildThisFileDirectory)..\..\..\Source\GuiTypes.h" />
    <ClInclude Include="$(MSBuildThisFileDirectory)..\..\..\Source\PlatformProviders\Hosted\GuiHostedWindow.h">
      <Filter>PlatformProviders\Hosted</Filter>
    </ClInclude>
    <ClInclude Include="$(MSBuildThisFileDirectory)..\..\..\Source\PlatformProviders\Hosted\GuiHostedController.h">
      <Filter>PlatformProviders\Hosted</Filter>
    </ClInclude>
    <ClInclude Include="$(MSBuildThisFileDirectory)..\..\..\Source\PlatformProviders\Hosted\GuiHostedGraphics.h">
      <Filter>PlatformProviders\Hosted</Filter>
    </ClInclude>
    <ClInclude Include="$(MSBuildThisFileDirectory)..\..\..\Source\PlatformProviders\Hosted\GuiHostedWindowManager.h">
      <Filter>PlatformProviders\Hosted</Filter>
    </ClInclude>
    <ClInclude Include="$(MSBuildThisFileDirectory)..\..\..\Source\Utilities\SharedServices\GuiSharedAsyncService.h">
      <Filter>Utilities\SharedServices</Filter>
    </ClInclude>
    <ClInclude Include="$(MSBuildThisFileDirectory)..\..\..\Source\Utilities\SharedServices\GuiSharedCallbackService.h">
      <Filter>Utilities\SharedServices</Filter>
    </ClInclude>
    <ClInclude Include="$(MSBuildThisFileDirectory)..\..\..\Source\PlatformProviders\Remote\GuiRemoteController.h">
      <Filter>PlatformProviders\Remote</Filter>
    </ClInclude>
    <ClInclude Include="$(MSBuildThisFileDirectory)..\..\..\Source\PlatformProviders\Remote\GuiRemoteWindow.h">
      <Filter>PlatformProviders\Remote</Filter>
    </ClInclude>
    <ClInclude Include="$(MSBuildThisFileDirectory)..\..\..\Source\PlatformProviders\Remote\GuiRemoteEvents.h">
      <Filter>PlatformProviders\Remote</Filter>
    </ClInclude>
    <ClInclude Include="$(MSBuildThisFileDirectory)..\..\..\Source\PlatformProviders\Remote\Protocol\Generated\GuiRemoteProtocolSchema.h">
      <Filter>PlatformProviders\Remote\Protocol\Generated</Filter>
    </ClInclude>
    <ClInclude Include="$(MSBuildThisFileDirectory)..\..\..\Source\PlatformProviders\Remote\GuiRemoteProtocolSchemaShared.h">
      <Filter>PlatformProviders\Remote</Filter>
    </ClInclude>
    <ClInclude Include="$(MSBuildThisFileDirectory)..\..\..\Source\PlatformProviders\Remote\GuiRemoteGraphics.h">
      <Filter>PlatformProviders\Remote</Filter>
    </ClInclude>
    <ClInclude Include="$(MSBuildThisFileDirectory)..\..\..\Source\PlatformProviders\Remote\GuiRemoteGraphics_BasicElements.h">
      <Filter>PlatformProviders\Remote</Filter>
    </ClInclude>
    <ClInclude Include="$(MSBuildThisFileDirectory)..\..\..\Source\PlatformProviders\Remote\GuiRemoteGraphics_ImageService.h">
      <Filter>PlatformProviders\Remote</Filter>
    </ClInclude>
    <ClInclude Include="$(MSBuildThisFileDirectory)..\..\..\Source\PlatformProviders\Remote\GuiRemoteProtocol.h">
      <Filter>PlatformProviders\Remote\ProtocolCombinators</Filter>
    </ClInclude>
    <ClInclude Include="$(MSBuildThisFileDirectory)..\..\..\Source\PlatformProviders\Remote\GuiRemoteProtocol_Filter.h">
      <Filter>PlatformProviders\Remote\ProtocolCombinators</Filter>
    </ClInclude>
    <ClInclude Include="$(MSBuildThisFileDirectory)..\..\..\Source\PlatformProviders\Remote\GuiRemoteProtocol_FilterVerifier.h">
      <Filter>PlatformProviders\Remote\ProtocolCombinators</Filter>
    </ClInclude>
    <ClInclude Include="$(MSBuildThisFileDirectory)..\..\..\Source\PlatformProviders\Remote\GuiRemoteProtocol_Shared.h">
      <Filter>PlatformProviders\Remote\ProtocolCombinators</Filter>
    </ClInclude>
    <ClInclude Include="$(MSBuildThisFileDirectory)..\..\..\Source\PlatformProviders\Hosted\GuiHostedApplication.h">
      <Filter>PlatformProviders\Hosted</Filter>
    </ClInclude>
  </ItemGroup>
  <ItemGroup>
    <Text Include="$(MSBuildThisFileDirectory)..\..\..\Source\PlatformProviders\Remote\Protocol\Protocol_Controller.txt">
      <Filter>PlatformProviders\Remote\Protocol</Filter>
    </Text>
    <Text Include="$(MSBuildThisFileDirectory)..\..\..\Source\PlatformProviders\Remote\Protocol\Protocols.txt">
      <Filter>PlatformProviders\Remote\Protocol</Filter>
    </Text>
    <Text Include="$(MSBuildThisFileDirectory)..\..\..\Source\PlatformProviders\Remote\Protocol\Protocol_MainWindow.txt">
      <Filter>PlatformProviders\Remote\Protocol</Filter>
    </Text>
  </ItemGroup>
  <ItemGroup>
    <None Include="$(MSBuildThisFileDirectory)..\..\..\Source\PlatformProviders\Remote\Protocol\Metadata\Protocols.json">
      <Filter>PlatformProviders\Remote\Protocol\Metadata</Filter>
    </None>
  </ItemGroup>
</Project>