<?xml version="1.0" encoding="utf-8"?>
<Project ToolsVersion="4.0" xmlns="http://schemas.microsoft.com/developer/msbuild/2003">
  <ItemGroup>
    <Filter Include="Utilities">
      <UniqueIdentifier>{42782035-303e-437b-9ccf-c75b93e2d0f4}</UniqueIdentifier>
    </Filter>
    <Filter Include="Utilities\FakeServices">
      <UniqueIdentifier>{67ecfb33-5b5f-4f45-9c4e-f75b580d5642}</UniqueIdentifier>
    </Filter>
    <Filter Include="Utilities\FakeServices\Dialogs">
      <UniqueIdentifier>{d8150208-4baf-4116-b6d5-bd17ef6cab71}</UniqueIdentifier>
    </Filter>
    <Filter Include="Utilities\FakeServices\Dialogs\Source">
      <UniqueIdentifier>{f73cd321-195c-41db-a7a3-d6e6f051854a}</UniqueIdentifier>
    </Filter>
  </ItemGroup>
  <ItemGroup>
    <ClCompile Include="$(MSBuildThisFileDirectory)..\..\..\Source\Utilities\GuiUtilitiesRegistration.cpp">
      <Filter>Utilities</Filter>
    </ClCompile>
    <ClCompile Include="$(MSBuildThisFileDirectory)..\..\..\Source\Utilities\FakeServices\Dialogs\Source\GuiFakeDialogServiceUIResource.cpp">
      <Filter>Utilities\FakeServices\Dialogs\Source</Filter>
    </ClCompile>
    <ClCompile Include="$(MSBuildThisFileDirectory)..\..\..\Source\Utilities\FakeServices\Dialogs\Source\GuiFakeDialogServiceUI.cpp">
      <Filter>Utilities\FakeServices\Dialogs\Source</Filter>
    </ClCompile>
    <ClCompile Include="$(MSBuildThisFileDirectory)..\..\..\Source\Utilities\FakeServices\Dialogs\GuiFakeDialogService.cpp">
      <Filter>Utilities\FakeServices\Dialogs</Filter>
    </ClCompile>
  </ItemGroup>
  <ItemGroup>
    <ClInclude Include="$(MSBuildThisFileDirectory)..\..\..\Source\Utilities\FakeServices\Dialogs\Source\GuiFakeDialogServiceUI.h">
      <Filter>Utilities\FakeServices\Dialogs\Source</Filter>
    </ClInclude>
    <ClInclude Include="$(MSBuildThisFileDirectory)..\..\..\Source\Utilities\FakeServices\Dialogs\Source\GuiFakeDialogServiceUIIncludes.h">
      <Filter>Utilities\FakeServices\Dialogs\Source</Filter>
    </ClInclude>
    <ClInclude Include="$(MSBuildThisFileDirectory)..\..\..\Source\Utilities\FakeServices\Dialogs\GuiFakeDialogService.h">
      <Filter>Utilities\FakeServices\Dialogs</Filter>
    </ClInclude>
  </ItemGroup>
</Project>