<?xml version="1.0" encoding="utf-8"?>
<Project ToolsVersion="4.0" xmlns="http://schemas.microsoft.com/developer/msbuild/2003">
  <ItemGroup>
    <Filter Include="Source Files">
      <UniqueIdentifier>{4FC737F1-C7A5-4376-A066-2A32D752A2FF}</UniqueIdentifier>
      <Extensions>cpp;c;cc;cxx;def;odl;idl;hpj;bat;asm;asmx</Extensions>
    </Filter>
    <Filter Include="Header Files">
      <UniqueIdentifier>{93995380-89BD-4b04-88EB-625FBE52EBFB}</UniqueIdentifier>
      <Extensions>h;hh;hpp;hxx;hm;inl;inc;xsd</Extensions>
    </Filter>
    <Filter Include="Resource Files">
      <UniqueIdentifier>{67DA6AB6-F800-4c08-8B7A-83BB121AAD01}</UniqueIdentifier>
      <Extensions>rc;ico;cur;bmp;dlg;rc2;rct;bin;rgs;gif;jpg;jpeg;jpe;resx;tiff;tif;png;wav;mfcribbon-ms</Extensions>
    </Filter>
  </ItemGroup>
  <ItemGroup>
    <ClCompile Include="Main.cpp">
      <Filter>Source Files</Filter>
    </ClCompile>
    <ClCompile Include="TestResource.cpp">
      <Filter>Source Files</Filter>
    </ClCompile>
    <ClCompile Include="TestReflectionTypeList.cpp">
      <Filter>Source Files</Filter>
    </ClCompile>
  </ItemGroup>
  <ItemGroup>
    <Text Include="..\..\Resources\Resource.FailedInstance.Ctor3.xml.txt">
      <Filter>Resource Files</Filter>
    </Text>
    <Text Include="..\..\Resources\Resource.NotExists.xml.txt">
      <Filter>Resource Files</Filter>
    </Text>
    <Text Include="..\..\Resources\Resource.WrongDoc.xml.txt">
      <Filter>Resource Files</Filter>
    </Text>
    <Text Include="..\..\Resources\Resource.WrongInstance.xml.txt">
      <Filter>Resource Files</Filter>
    </Text>
    <Text Include="..\..\Resources\Resource.WrongInstanceStyle.xml.txt">
      <Filter>Resource Files</Filter>
    </Text>
    <Text Include="..\..\Resources\Resource.WrongSyntax.xml.txt">
      <Filter>Resource Files</Filter>
    </Text>
    <Text Include="..\..\Resources\Resource.WrongSyntax2.xml.txt">
      <Filter>Resource Files</Filter>
    </Text>
    <Text Include="..\..\Resources\Resource.FailedInstance.Ctor1.xml.txt">
      <Filter>Resource Files</Filter>
    </Text>
    <Text Include="..\..\Resources\Resource.FailedInstance.Ctor2.xml.txt">
      <Filter>Resource Files</Filter>
    </Text>
    <Text Include="..\..\Resources\Resource.FailedInstance.Ctor4.xml.txt">
      <Filter>Resource Files</Filter>
    </Text>
    <Text Include="..\..\Resources\Resource.FailedScript.Workflow.xml.txt">
      <Filter>Resource Files</Filter>
    </Text>
    <Text Include="..\..\Resources\Resource.FailedScript.Properties.xml.txt">
      <Filter>Resource Files</Filter>
    </Text>
    <Text Include="..\..\Resources\Resource.FailedInstance.Control.xml.txt">
      <Filter>Resource Files</Filter>
    </Text>
    <Text Include="..\..\Resources\Resource.FailedInstance.Ctor2_r.xml.txt">
      <Filter>Resource Files</Filter>
    </Text>
    <Text Include="..\..\Resources\Resource.FailedInstance.Ctor5.xml.txt">
      <Filter>Resource Files</Filter>
    </Text>
    <Text Include="..\..\Resources\Resource.FailedScript.Animations.xml.txt">
      <Filter>Resource Files</Filter>
    </Text>
    <Text Include="..\..\Resources\Resource.FailedScript.Animations2.xml.txt">
      <Filter>Resource Files</Filter>
    </Text>
    <Text Include="..\..\Resources\Resource.FailedScript.Strings.xml.txt">
      <Filter>Resource Files</Filter>
    </Text>
    <Text Include="..\..\Resources\Resource.FailedInstance.Inheriting1.xml.txt">
      <Filter>Resource Files</Filter>
    </Text>
    <Text Include="..\..\Resources\Resource.FailedInstance.Inheriting2.xml.txt">
      <Filter>Resource Files</Filter>
    </Text>
    <Text Include="..\..\Resources\Resource.FailedScript.Strings2.xml.txt">
      <Filter>Resource Files</Filter>
    </Text>
  </ItemGroup>
  <ItemGroup>
    <Xml Include="..\..\Resources\Resource.FailedInstance.Ctor4.xml">
      <Filter>Resource Files</Filter>
    </Xml>
    <Xml Include="..\..\Resources\Resource.WrongDoc.xml">
      <Filter>Resource Files</Filter>
    </Xml>
    <Xml Include="..\..\Resources\Resource.WrongInstance.xml">
      <Filter>Resource Files</Filter>
    </Xml>
    <Xml Include="..\..\Resources\Resource.WrongInstanceStyle.xml">
      <Filter>Resource Files</Filter>
    </Xml>
    <Xml Include="..\..\Resources\Resource.WrongSyntax.xml">
      <Filter>Resource Files</Filter>
    </Xml>
    <Xml Include="..\..\Resources\Resource.WrongSyntax2.xml">
      <Filter>Resource Files</Filter>
    </Xml>
    <Xml Include="..\..\Resources\Resource.FailedInstance.Ctor1.xml">
      <Filter>Resource Files</Filter>
    </Xml>
    <Xml Include="..\..\Resources\Resource.FailedInstance.Ctor2.xml">
      <Filter>Resource Files</Filter>
    </Xml>
    <Xml Include="..\..\Resources\Resource.FailedInstance.Ctor3.xml">
      <Filter>Resource Files</Filter>
    </Xml>
    <Xml Include="..\..\Resources\Resource.FailedScript.Workflow.xml">
      <Filter>Resource Files</Filter>
    </Xml>
    <Xml Include="..\..\Resources\Resource.FailedScript.Properties.xml">
      <Filter>Resource Files</Filter>
    </Xml>
    <Xml Include="..\..\Resources\Resource.FailedInstance.Ctor5.xml">
      <Filter>Resource Files</Filter>
    </Xml>
    <Xml Include="..\..\Resources\Resource.FailedInstance.Control.xml">
      <Filter>Resource Files</Filter>
    </Xml>
    <Xml Include="..\..\Resources\Resource.FailedInstance.Ctor2_s.xml">
      <Filter>Resource Files</Filter>
    </Xml>
    <Xml Include="..\..\Resources\Resource.FailedInstance.Ctor2_r.xml">
      <Filter>Resource Files</Filter>
    </Xml>
    <Xml Include="..\..\Resources\Resource.FailedScript.Animations.xml">
      <Filter>Resource Files</Filter>
    </Xml>
    <Xml Include="..\..\Resources\Resource.FailedScript.Animations2.xml">
      <Filter>Resource Files</Filter>
    </Xml>
    <Xml Include="..\..\Resources\Resource.FailedScript.Strings.xml">
      <Filter>Resource Files</Filter>
    </Xml>
    <Xml Include="..\..\Resources\Resource.FailedScript.Strings2.xml">
      <Filter>Resource Files</Filter>
    </Xml>
    <Xml Include="..\..\Resources\Resource.FailedInstance.Inheriting1.xml">
      <Filter>Resource Files</Filter>
    </Xml>
    <Xml Include="..\..\Resources\Resource.FailedInstance.Inheriting2.xml">
      <Filter>Resource Files</Filter>
    </Xml>
  </ItemGroup>
</Project>